// !$*UTF8*$!
{
	archiveVersion = 1;
	classes = {
	};
	objectVersion = 55;
	objects = {

/* Begin PBXBuildFile section */
		3D60A99C2852410300338855 /* FirstHeaderView.swift in Sources */ = {isa = PBXBuildFile; fileRef = 3D60A99B2852410300338855 /* FirstHeaderView.swift */; };
		3D60A99E2852581E00338855 /* HeaderView.swift in Sources */ = {isa = PBXBuildFile; fileRef = 3D60A99D2852581E00338855 /* HeaderView.swift */; };
		3D60A9A02852614F00338855 /* ThirdViewController.swift in Sources */ = {isa = PBXBuildFile; fileRef = 3D60A99F2852614F00338855 /* ThirdViewController.swift */; };
		3D60A9A428527E1300338855 /* mySegmentedControl.swift in Sources */ = {isa = PBXBuildFile; fileRef = 3D60A9A328527E1300338855 /* mySegmentedControl.swift */; };
		3DD1B3F7284DF35200C46E5E /* AppDelegate.swift in Sources */ = {isa = PBXBuildFile; fileRef = 3DD1B3F6284DF35200C46E5E /* AppDelegate.swift */; };
		3DD1B3F9284DF35200C46E5E /* SceneDelegate.swift in Sources */ = {isa = PBXBuildFile; fileRef = 3DD1B3F8284DF35200C46E5E /* SceneDelegate.swift */; };
		3DD1B3FB284DF35200C46E5E /* FirstViewController.swift in Sources */ = {isa = PBXBuildFile; fileRef = 3DD1B3FA284DF35200C46E5E /* FirstViewController.swift */; };
		3DD1B3FE284DF35200C46E5E /* Main.storyboard in Resources */ = {isa = PBXBuildFile; fileRef = 3DD1B3FC284DF35200C46E5E /* Main.storyboard */; };
		3DD1B400284DF35400C46E5E /* Assets.xcassets in Resources */ = {isa = PBXBuildFile; fileRef = 3DD1B3FF284DF35400C46E5E /* Assets.xcassets */; };
		3DD1B403284DF35400C46E5E /* LaunchScreen.storyboard in Resources */ = {isa = PBXBuildFile; fileRef = 3DD1B401284DF35400C46E5E /* LaunchScreen.storyboard */; };
		3DD1B40E284DF35400C46E5E /* __CloneScreenTests.swift in Sources */ = {isa = PBXBuildFile; fileRef = 3DD1B40D284DF35400C46E5E /* __CloneScreenTests.swift */; };
		3DD1B418284DF35500C46E5E /* __CloneScreenUITests.swift in Sources */ = {isa = PBXBuildFile; fileRef = 3DD1B417284DF35500C46E5E /* __CloneScreenUITests.swift */; };
		3DD1B41A284DF35500C46E5E /* __CloneScreenUITestsLaunchTests.swift in Sources */ = {isa = PBXBuildFile; fileRef = 3DD1B419284DF35500C46E5E /* __CloneScreenUITestsLaunchTests.swift */; };
		3DD9B6CE28508AD10051F97A /* CompositionalLayout.swift in Sources */ = {isa = PBXBuildFile; fileRef = 3DD9B6CD28508AD10051F97A /* CompositionalLayout.swift */; };
		3DD9B6D52850D0970051F97A /* CollectionViewHeaderReusableView.swift in Sources */ = {isa = PBXBuildFile; fileRef = 3DD9B6D42850D0970051F97A /* CollectionViewHeaderReusableView.swift */; };
		3DD9B6D82851180B0051F97A /* SecondViewController.swift in Sources */ = {isa = PBXBuildFile; fileRef = 3DD9B6D72851180B0051F97A /* SecondViewController.swift */; };
		3DEFDE822853021700A3DEFB /* VC3ListItem.swift in Sources */ = {isa = PBXBuildFile; fileRef = 3DEFDE812853021700A3DEFB /* VC3ListItem.swift */; };
		3DEFDE842853022000A3DEFB /* VC3ListSection.swift in Sources */ = {isa = PBXBuildFile; fileRef = 3DEFDE832853022000A3DEFB /* VC3ListSection.swift */; };
		3DEFDE86285303E400A3DEFB /* VC3CollectionViewData.swift in Sources */ = {isa = PBXBuildFile; fileRef = 3DEFDE85285303E400A3DEFB /* VC3CollectionViewData.swift */; };
		3DEFDE8D2853171600A3DEFB /* MenuCollectionViewCell.swift in Sources */ = {isa = PBXBuildFile; fileRef = 3DEFDE8C2853171600A3DEFB /* MenuCollectionViewCell.swift */; };
		3DEFDE8F2853172B00A3DEFB /* BottomCollectionViewCell.swift in Sources */ = {isa = PBXBuildFile; fileRef = 3DEFDE8E2853172B00A3DEFB /* BottomCollectionViewCell.swift */; };
		3DF6C6BA284FB1B300EE653A /* FirstCollectionViewCell.swift in Sources */ = {isa = PBXBuildFile; fileRef = 3DF6C6B9284FB1B300EE653A /* FirstCollectionViewCell.swift */; };
		3DF6C6BC284FB1C500EE653A /* SecondCollectionViewCell.swift in Sources */ = {isa = PBXBuildFile; fileRef = 3DF6C6BB284FB1C500EE653A /* SecondCollectionViewCell.swift */; };
		3DF6C6BE284FB1D100EE653A /* ThirdCollectionViewCell.swift in Sources */ = {isa = PBXBuildFile; fileRef = 3DF6C6BD284FB1D100EE653A /* ThirdCollectionViewCell.swift */; };
		3DF6C6C0284FB1D900EE653A /* FourthCollectionViewCell.swift in Sources */ = {isa = PBXBuildFile; fileRef = 3DF6C6BF284FB1D900EE653A /* FourthCollectionViewCell.swift */; };
		3DF6C6C2284FB1E100EE653A /* FifthCollectionViewCell.swift in Sources */ = {isa = PBXBuildFile; fileRef = 3DF6C6C1284FB1E100EE653A /* FifthCollectionViewCell.swift */; };
		3DF6C6C4284FB47F00EE653A /* ListItem.swift in Sources */ = {isa = PBXBuildFile; fileRef = 3DF6C6C3284FB47F00EE653A /* ListItem.swift */; };
		3DF6C6C6284FB58700EE653A /* ListSection.swift in Sources */ = {isa = PBXBuildFile; fileRef = 3DF6C6C5284FB58700EE653A /* ListSection.swift */; };
		3DF6C6C8284FBBBB00EE653A /* CollectionViewData.swift in Sources */ = {isa = PBXBuildFile; fileRef = 3DF6C6C7284FBBBB00EE653A /* CollectionViewData.swift */; };
/* End PBXBuildFile section */

/* Begin PBXContainerItemProxy section */
		3DD1B40A284DF35400C46E5E /* PBXContainerItemProxy */ = {
			isa = PBXContainerItemProxy;
			containerPortal = 3DD1B3EB284DF35200C46E5E /* Project object */;
			proxyType = 1;
			remoteGlobalIDString = 3DD1B3F2284DF35200C46E5E;
			remoteInfo = 2_CloneScreen;
		};
		3DD1B414284DF35500C46E5E /* PBXContainerItemProxy */ = {
			isa = PBXContainerItemProxy;
			containerPortal = 3DD1B3EB284DF35200C46E5E /* Project object */;
			proxyType = 1;
			remoteGlobalIDString = 3DD1B3F2284DF35200C46E5E;
			remoteInfo = 2_CloneScreen;
		};
/* End PBXContainerItemProxy section */

/* Begin PBXFileReference section */
		3D60A99B2852410300338855 /* FirstHeaderView.swift */ = {isa = PBXFileReference; lastKnownFileType = sourcecode.swift; path = FirstHeaderView.swift; sourceTree = "<group>"; };
		3D60A99D2852581E00338855 /* HeaderView.swift */ = {isa = PBXFileReference; lastKnownFileType = sourcecode.swift; path = HeaderView.swift; sourceTree = "<group>"; };
		3D60A99F2852614F00338855 /* ThirdViewController.swift */ = {isa = PBXFileReference; lastKnownFileType = sourcecode.swift; path = ThirdViewController.swift; sourceTree = "<group>"; };
		3D60A9A328527E1300338855 /* mySegmentedControl.swift */ = {isa = PBXFileReference; lastKnownFileType = sourcecode.swift; path = mySegmentedControl.swift; sourceTree = "<group>"; };
		3DD1B3F3284DF35200C46E5E /* 2_CloneScreen.app */ = {isa = PBXFileReference; explicitFileType = wrapper.application; includeInIndex = 0; path = 2_CloneScreen.app; sourceTree = BUILT_PRODUCTS_DIR; };
		3DD1B3F6284DF35200C46E5E /* AppDelegate.swift */ = {isa = PBXFileReference; lastKnownFileType = sourcecode.swift; path = AppDelegate.swift; sourceTree = "<group>"; };
		3DD1B3F8284DF35200C46E5E /* SceneDelegate.swift */ = {isa = PBXFileReference; lastKnownFileType = sourcecode.swift; path = SceneDelegate.swift; sourceTree = "<group>"; };
		3DD1B3FA284DF35200C46E5E /* FirstViewController.swift */ = {isa = PBXFileReference; lastKnownFileType = sourcecode.swift; path = FirstViewController.swift; sourceTree = "<group>"; };
		3DD1B3FD284DF35200C46E5E /* Base */ = {isa = PBXFileReference; lastKnownFileType = file.storyboard; name = Base; path = Base.lproj/Main.storyboard; sourceTree = "<group>"; };
		3DD1B3FF284DF35400C46E5E /* Assets.xcassets */ = {isa = PBXFileReference; lastKnownFileType = folder.assetcatalog; path = Assets.xcassets; sourceTree = "<group>"; };
		3DD1B402284DF35400C46E5E /* Base */ = {isa = PBXFileReference; lastKnownFileType = file.storyboard; name = Base; path = Base.lproj/LaunchScreen.storyboard; sourceTree = "<group>"; };
		3DD1B404284DF35400C46E5E /* Info.plist */ = {isa = PBXFileReference; lastKnownFileType = text.plist.xml; path = Info.plist; sourceTree = "<group>"; };
		3DD1B409284DF35400C46E5E /* 2_CloneScreenTests.xctest */ = {isa = PBXFileReference; explicitFileType = wrapper.cfbundle; includeInIndex = 0; path = 2_CloneScreenTests.xctest; sourceTree = BUILT_PRODUCTS_DIR; };
		3DD1B40D284DF35400C46E5E /* __CloneScreenTests.swift */ = {isa = PBXFileReference; lastKnownFileType = sourcecode.swift; path = __CloneScreenTests.swift; sourceTree = "<group>"; };
		3DD1B413284DF35400C46E5E /* 2_CloneScreenUITests.xctest */ = {isa = PBXFileReference; explicitFileType = wrapper.cfbundle; includeInIndex = 0; path = 2_CloneScreenUITests.xctest; sourceTree = BUILT_PRODUCTS_DIR; };
		3DD1B417284DF35500C46E5E /* __CloneScreenUITests.swift */ = {isa = PBXFileReference; lastKnownFileType = sourcecode.swift; path = __CloneScreenUITests.swift; sourceTree = "<group>"; };
		3DD1B419284DF35500C46E5E /* __CloneScreenUITestsLaunchTests.swift */ = {isa = PBXFileReference; lastKnownFileType = sourcecode.swift; path = __CloneScreenUITestsLaunchTests.swift; sourceTree = "<group>"; };
		3DD9B6CD28508AD10051F97A /* CompositionalLayout.swift */ = {isa = PBXFileReference; lastKnownFileType = sourcecode.swift; path = CompositionalLayout.swift; sourceTree = "<group>"; };
		3DD9B6D42850D0970051F97A /* CollectionViewHeaderReusableView.swift */ = {isa = PBXFileReference; lastKnownFileType = sourcecode.swift; path = CollectionViewHeaderReusableView.swift; sourceTree = "<group>"; };
		3DD9B6D72851180B0051F97A /* SecondViewController.swift */ = {isa = PBXFileReference; lastKnownFileType = sourcecode.swift; path = SecondViewController.swift; sourceTree = "<group>"; };
		3DEFDE812853021700A3DEFB /* VC3ListItem.swift */ = {isa = PBXFileReference; lastKnownFileType = sourcecode.swift; path = VC3ListItem.swift; sourceTree = "<group>"; };
		3DEFDE832853022000A3DEFB /* VC3ListSection.swift */ = {isa = PBXFileReference; lastKnownFileType = sourcecode.swift; path = VC3ListSection.swift; sourceTree = "<group>"; };
		3DEFDE85285303E400A3DEFB /* VC3CollectionViewData.swift */ = {isa = PBXFileReference; lastKnownFileType = sourcecode.swift; path = VC3CollectionViewData.swift; sourceTree = "<group>"; };
		3DEFDE8C2853171600A3DEFB /* MenuCollectionViewCell.swift */ = {isa = PBXFileReference; lastKnownFileType = sourcecode.swift; path = MenuCollectionViewCell.swift; sourceTree = "<group>"; };
		3DEFDE8E2853172B00A3DEFB /* BottomCollectionViewCell.swift */ = {isa = PBXFileReference; lastKnownFileType = sourcecode.swift; path = BottomCollectionViewCell.swift; sourceTree = "<group>"; };
		3DF6C6B9284FB1B300EE653A /* FirstCollectionViewCell.swift */ = {isa = PBXFileReference; lastKnownFileType = sourcecode.swift; path = FirstCollectionViewCell.swift; sourceTree = "<group>"; };
		3DF6C6BB284FB1C500EE653A /* SecondCollectionViewCell.swift */ = {isa = PBXFileReference; lastKnownFileType = sourcecode.swift; path = SecondCollectionViewCell.swift; sourceTree = "<group>"; };
		3DF6C6BD284FB1D100EE653A /* ThirdCollectionViewCell.swift */ = {isa = PBXFileReference; lastKnownFileType = sourcecode.swift; path = ThirdCollectionViewCell.swift; sourceTree = "<group>"; };
		3DF6C6BF284FB1D900EE653A /* FourthCollectionViewCell.swift */ = {isa = PBXFileReference; lastKnownFileType = sourcecode.swift; path = FourthCollectionViewCell.swift; sourceTree = "<group>"; };
		3DF6C6C1284FB1E100EE653A /* FifthCollectionViewCell.swift */ = {isa = PBXFileReference; lastKnownFileType = sourcecode.swift; path = FifthCollectionViewCell.swift; sourceTree = "<group>"; };
		3DF6C6C3284FB47F00EE653A /* ListItem.swift */ = {isa = PBXFileReference; lastKnownFileType = sourcecode.swift; path = ListItem.swift; sourceTree = "<group>"; };
		3DF6C6C5284FB58700EE653A /* ListSection.swift */ = {isa = PBXFileReference; lastKnownFileType = sourcecode.swift; path = ListSection.swift; sourceTree = "<group>"; };
		3DF6C6C7284FBBBB00EE653A /* CollectionViewData.swift */ = {isa = PBXFileReference; lastKnownFileType = sourcecode.swift; path = CollectionViewData.swift; sourceTree = "<group>"; };
/* End PBXFileReference section */

/* Begin PBXFrameworksBuildPhase section */
		3DD1B3F0284DF35200C46E5E /* Frameworks */ = {
			isa = PBXFrameworksBuildPhase;
			buildActionMask = 2147483647;
			files = (
			);
			runOnlyForDeploymentPostprocessing = 0;
		};
		3DD1B406284DF35400C46E5E /* Frameworks */ = {
			isa = PBXFrameworksBuildPhase;
			buildActionMask = 2147483647;
			files = (
			);
			runOnlyForDeploymentPostprocessing = 0;
		};
		3DD1B410284DF35400C46E5E /* Frameworks */ = {
			isa = PBXFrameworksBuildPhase;
			buildActionMask = 2147483647;
			files = (
			);
			runOnlyForDeploymentPostprocessing = 0;
		};
/* End PBXFrameworksBuildPhase section */

/* Begin PBXGroup section */
		3DD1B3EA284DF35200C46E5E = {
			isa = PBXGroup;
			children = (
				3DD1B3F5284DF35200C46E5E /* 2_CloneScreen */,
				3DD1B40C284DF35400C46E5E /* 2_CloneScreenTests */,
				3DD1B416284DF35500C46E5E /* 2_CloneScreenUITests */,
				3DD1B3F4284DF35200C46E5E /* Products */,
			);
			sourceTree = "<group>";
		};
		3DD1B3F4284DF35200C46E5E /* Products */ = {
			isa = PBXGroup;
			children = (
				3DD1B3F3284DF35200C46E5E /* 2_CloneScreen.app */,
				3DD1B409284DF35400C46E5E /* 2_CloneScreenTests.xctest */,
				3DD1B413284DF35400C46E5E /* 2_CloneScreenUITests.xctest */,
			);
			name = Products;
			sourceTree = "<group>";
		};
		3DD1B3F5284DF35200C46E5E /* 2_CloneScreen */ = {
			isa = PBXGroup;
			children = (
				3DD1B3F6284DF35200C46E5E /* AppDelegate.swift */,
				3DD1B3F8284DF35200C46E5E /* SceneDelegate.swift */,
				3DD9B6D9285118140051F97A /* ViewController */,
				3DD1B3FC284DF35200C46E5E /* Main.storyboard */,
				3D60A9A328527E1300338855 /* mySegmentedControl.swift */,
				3D60A99D2852581E00338855 /* HeaderView.swift */,
				3D60A99B2852410300338855 /* FirstHeaderView.swift */,
				3DF6C6B8284FB16D00EE653A /* CollectionViewCells */,
				3DD1B3FF284DF35400C46E5E /* Assets.xcassets */,
				3DD1B401284DF35400C46E5E /* LaunchScreen.storyboard */,
				3DD1B404284DF35400C46E5E /* Info.plist */,
				3DD9B6CF28508AE90051F97A /* VC1CollectionViewRelated */,
				3DEFDE802852FDF100A3DEFB /* VC3CollectionViewRelated */,
				3DEFDE872853166F00A3DEFB /* VC3CollectionViewCells */,
			);
			path = 2_CloneScreen;
			sourceTree = "<group>";
		};
		3DD1B40C284DF35400C46E5E /* 2_CloneScreenTests */ = {
			isa = PBXGroup;
			children = (
				3DD1B40D284DF35400C46E5E /* __CloneScreenTests.swift */,
			);
			path = 2_CloneScreenTests;
			sourceTree = "<group>";
		};
		3DD1B416284DF35500C46E5E /* 2_CloneScreenUITests */ = {
			isa = PBXGroup;
			children = (
				3DD1B417284DF35500C46E5E /* __CloneScreenUITests.swift */,
				3DD1B419284DF35500C46E5E /* __CloneScreenUITestsLaunchTests.swift */,
			);
			path = 2_CloneScreenUITests;
			sourceTree = "<group>";
		};
		3DD9B6CF28508AE90051F97A /* VC1CollectionViewRelated */ = {
			isa = PBXGroup;
			children = (
				3DF6C6C3284FB47F00EE653A /* ListItem.swift */,
				3DF6C6C5284FB58700EE653A /* ListSection.swift */,
				3DF6C6C7284FBBBB00EE653A /* CollectionViewData.swift */,
				3DD9B6CD28508AD10051F97A /* CompositionalLayout.swift */,
				3DD9B6D42850D0970051F97A /* CollectionViewHeaderReusableView.swift */,
			);
			path = VC1CollectionViewRelated;
			sourceTree = "<group>";
		};
		3DD9B6D9285118140051F97A /* ViewController */ = {
			isa = PBXGroup;
			children = (
				3DD1B3FA284DF35200C46E5E /* FirstViewController.swift */,
				3DD9B6D72851180B0051F97A /* SecondViewController.swift */,
				3D60A99F2852614F00338855 /* ThirdViewController.swift */,
			);
			path = ViewController;
			sourceTree = "<group>";
		};
		3DEFDE802852FDF100A3DEFB /* VC3CollectionViewRelated */ = {
			isa = PBXGroup;
			children = (
				3DEFDE812853021700A3DEFB /* VC3ListItem.swift */,
				3DEFDE832853022000A3DEFB /* VC3ListSection.swift */,
				3DEFDE85285303E400A3DEFB /* VC3CollectionViewData.swift */,
			);
			path = VC3CollectionViewRelated;
			sourceTree = "<group>";
		};
		3DEFDE872853166F00A3DEFB /* VC3CollectionViewCells */ = {
			isa = PBXGroup;
			children = (
				3DEFDE8C2853171600A3DEFB /* MenuCollectionViewCell.swift */,
				3DEFDE8E2853172B00A3DEFB /* BottomCollectionViewCell.swift */,
			);
			path = VC3CollectionViewCells;
			sourceTree = "<group>";
		};
		3DF6C6B8284FB16D00EE653A /* CollectionViewCells */ = {
			isa = PBXGroup;
			children = (
				3DF6C6B9284FB1B300EE653A /* FirstCollectionViewCell.swift */,
				3DF6C6BB284FB1C500EE653A /* SecondCollectionViewCell.swift */,
				3DF6C6BD284FB1D100EE653A /* ThirdCollectionViewCell.swift */,
				3DF6C6BF284FB1D900EE653A /* FourthCollectionViewCell.swift */,
				3DF6C6C1284FB1E100EE653A /* FifthCollectionViewCell.swift */,
			);
			path = CollectionViewCells;
			sourceTree = "<group>";
		};
/* End PBXGroup section */

/* Begin PBXNativeTarget section */
		3DD1B3F2284DF35200C46E5E /* 2_CloneScreen */ = {
			isa = PBXNativeTarget;
			buildConfigurationList = 3DD1B41D284DF35500C46E5E /* Build configuration list for PBXNativeTarget "2_CloneScreen" */;
			buildPhases = (
				3DD1B3EF284DF35200C46E5E /* Sources */,
				3DD1B3F0284DF35200C46E5E /* Frameworks */,
				3DD1B3F1284DF35200C46E5E /* Resources */,
			);
			buildRules = (
			);
			dependencies = (
			);
			name = 2_CloneScreen;
			productName = 2_CloneScreen;
			productReference = 3DD1B3F3284DF35200C46E5E /* 2_CloneScreen.app */;
			productType = "com.apple.product-type.application";
		};
		3DD1B408284DF35400C46E5E /* 2_CloneScreenTests */ = {
			isa = PBXNativeTarget;
			buildConfigurationList = 3DD1B420284DF35500C46E5E /* Build configuration list for PBXNativeTarget "2_CloneScreenTests" */;
			buildPhases = (
				3DD1B405284DF35400C46E5E /* Sources */,
				3DD1B406284DF35400C46E5E /* Frameworks */,
				3DD1B407284DF35400C46E5E /* Resources */,
			);
			buildRules = (
			);
			dependencies = (
				3DD1B40B284DF35400C46E5E /* PBXTargetDependency */,
			);
			name = 2_CloneScreenTests;
			productName = 2_CloneScreenTests;
			productReference = 3DD1B409284DF35400C46E5E /* 2_CloneScreenTests.xctest */;
			productType = "com.apple.product-type.bundle.unit-test";
		};
		3DD1B412284DF35400C46E5E /* 2_CloneScreenUITests */ = {
			isa = PBXNativeTarget;
			buildConfigurationList = 3DD1B423284DF35500C46E5E /* Build configuration list for PBXNativeTarget "2_CloneScreenUITests" */;
			buildPhases = (
				3DD1B40F284DF35400C46E5E /* Sources */,
				3DD1B410284DF35400C46E5E /* Frameworks */,
				3DD1B411284DF35400C46E5E /* Resources */,
			);
			buildRules = (
			);
			dependencies = (
				3DD1B415284DF35500C46E5E /* PBXTargetDependency */,
			);
			name = 2_CloneScreenUITests;
			productName = 2_CloneScreenUITests;
			productReference = 3DD1B413284DF35400C46E5E /* 2_CloneScreenUITests.xctest */;
			productType = "com.apple.product-type.bundle.ui-testing";
		};
/* End PBXNativeTarget section */

/* Begin PBXProject section */
		3DD1B3EB284DF35200C46E5E /* Project object */ = {
			isa = PBXProject;
			attributes = {
				BuildIndependentTargetsInParallel = 1;
				LastSwiftUpdateCheck = 1340;
				LastUpgradeCheck = 1340;
				TargetAttributes = {
					3DD1B3F2284DF35200C46E5E = {
						CreatedOnToolsVersion = 13.4;
					};
					3DD1B408284DF35400C46E5E = {
						CreatedOnToolsVersion = 13.4;
						TestTargetID = 3DD1B3F2284DF35200C46E5E;
					};
					3DD1B412284DF35400C46E5E = {
						CreatedOnToolsVersion = 13.4;
						TestTargetID = 3DD1B3F2284DF35200C46E5E;
					};
				};
			};
			buildConfigurationList = 3DD1B3EE284DF35200C46E5E /* Build configuration list for PBXProject "2_CloneScreen" */;
			compatibilityVersion = "Xcode 13.0";
			developmentRegion = en;
			hasScannedForEncodings = 0;
			knownRegions = (
				en,
				Base,
			);
			mainGroup = 3DD1B3EA284DF35200C46E5E;
			productRefGroup = 3DD1B3F4284DF35200C46E5E /* Products */;
			projectDirPath = "";
			projectRoot = "";
			targets = (
				3DD1B3F2284DF35200C46E5E /* 2_CloneScreen */,
				3DD1B408284DF35400C46E5E /* 2_CloneScreenTests */,
				3DD1B412284DF35400C46E5E /* 2_CloneScreenUITests */,
			);
		};
/* End PBXProject section */

/* Begin PBXResourcesBuildPhase section */
		3DD1B3F1284DF35200C46E5E /* Resources */ = {
			isa = PBXResourcesBuildPhase;
			buildActionMask = 2147483647;
			files = (
				3DD1B403284DF35400C46E5E /* LaunchScreen.storyboard in Resources */,
				3DD1B400284DF35400C46E5E /* Assets.xcassets in Resources */,
				3DD1B3FE284DF35200C46E5E /* Main.storyboard in Resources */,
			);
			runOnlyForDeploymentPostprocessing = 0;
		};
		3DD1B407284DF35400C46E5E /* Resources */ = {
			isa = PBXResourcesBuildPhase;
			buildActionMask = 2147483647;
			files = (
			);
			runOnlyForDeploymentPostprocessing = 0;
		};
		3DD1B411284DF35400C46E5E /* Resources */ = {
			isa = PBXResourcesBuildPhase;
			buildActionMask = 2147483647;
			files = (
			);
			runOnlyForDeploymentPostprocessing = 0;
		};
/* End PBXResourcesBuildPhase section */

/* Begin PBXSourcesBuildPhase section */
		3DD1B3EF284DF35200C46E5E /* Sources */ = {
			isa = PBXSourcesBuildPhase;
			buildActionMask = 2147483647;
			files = (
				3D60A9A02852614F00338855 /* ThirdViewController.swift in Sources */,
				3DF6C6C2284FB1E100EE653A /* FifthCollectionViewCell.swift in Sources */,
				3DEFDE842853022000A3DEFB /* VC3ListSection.swift in Sources */,
				3D60A9A428527E1300338855 /* mySegmentedControl.swift in Sources */,
				3DF6C6BE284FB1D100EE653A /* ThirdCollectionViewCell.swift in Sources */,
				3DEFDE86285303E400A3DEFB /* VC3CollectionViewData.swift in Sources */,
				3DD1B3FB284DF35200C46E5E /* FirstViewController.swift in Sources */,
				3DF6C6C4284FB47F00EE653A /* ListItem.swift in Sources */,
				3DD9B6D82851180B0051F97A /* SecondViewController.swift in Sources */,
				3DF6C6C0284FB1D900EE653A /* FourthCollectionViewCell.swift in Sources */,
				3DD9B6D52850D0970051F97A /* CollectionViewHeaderReusableView.swift in Sources */,
				3DD1B3F7284DF35200C46E5E /* AppDelegate.swift in Sources */,
				3DF6C6BC284FB1C500EE653A /* SecondCollectionViewCell.swift in Sources */,
				3DF6C6C8284FBBBB00EE653A /* CollectionViewData.swift in Sources */,
				3D60A99C2852410300338855 /* FirstHeaderView.swift in Sources */,
				3DD1B3F9284DF35200C46E5E /* SceneDelegate.swift in Sources */,
				3DEFDE8D2853171600A3DEFB /* MenuCollectionViewCell.swift in Sources */,
				3DF6C6BA284FB1B300EE653A /* FirstCollectionViewCell.swift in Sources */,
				3DF6C6C6284FB58700EE653A /* ListSection.swift in Sources */,
				3DD9B6CE28508AD10051F97A /* CompositionalLayout.swift in Sources */,
				3D60A99E2852581E00338855 /* HeaderView.swift in Sources */,
				3DEFDE8F2853172B00A3DEFB /* BottomCollectionViewCell.swift in Sources */,
				3DEFDE822853021700A3DEFB /* VC3ListItem.swift in Sources */,
			);
			runOnlyForDeploymentPostprocessing = 0;
		};
		3DD1B405284DF35400C46E5E /* Sources */ = {
			isa = PBXSourcesBuildPhase;
			buildActionMask = 2147483647;
			files = (
				3DD1B40E284DF35400C46E5E /* __CloneScreenTests.swift in Sources */,
			);
			runOnlyForDeploymentPostprocessing = 0;
		};
		3DD1B40F284DF35400C46E5E /* Sources */ = {
			isa = PBXSourcesBuildPhase;
			buildActionMask = 2147483647;
			files = (
				3DD1B41A284DF35500C46E5E /* __CloneScreenUITestsLaunchTests.swift in Sources */,
				3DD1B418284DF35500C46E5E /* __CloneScreenUITests.swift in Sources */,
			);
			runOnlyForDeploymentPostprocessing = 0;
		};
/* End PBXSourcesBuildPhase section */

/* Begin PBXTargetDependency section */
		3DD1B40B284DF35400C46E5E /* PBXTargetDependency */ = {
			isa = PBXTargetDependency;
			target = 3DD1B3F2284DF35200C46E5E /* 2_CloneScreen */;
			targetProxy = 3DD1B40A284DF35400C46E5E /* PBXContainerItemProxy */;
		};
		3DD1B415284DF35500C46E5E /* PBXTargetDependency */ = {
			isa = PBXTargetDependency;
			target = 3DD1B3F2284DF35200C46E5E /* 2_CloneScreen */;
			targetProxy = 3DD1B414284DF35500C46E5E /* PBXContainerItemProxy */;
		};
/* End PBXTargetDependency section */

/* Begin PBXVariantGroup section */
		3DD1B3FC284DF35200C46E5E /* Main.storyboard */ = {
			isa = PBXVariantGroup;
			children = (
				3DD1B3FD284DF35200C46E5E /* Base */,
			);
			name = Main.storyboard;
			sourceTree = "<group>";
		};
		3DD1B401284DF35400C46E5E /* LaunchScreen.storyboard */ = {
			isa = PBXVariantGroup;
			children = (
				3DD1B402284DF35400C46E5E /* Base */,
			);
			name = LaunchScreen.storyboard;
			sourceTree = "<group>";
		};
/* End PBXVariantGroup section */

/* Begin XCBuildConfiguration section */
		3DD1B41B284DF35500C46E5E /* Debug */ = {
			isa = XCBuildConfiguration;
			buildSettings = {
				ALWAYS_SEARCH_USER_PATHS = NO;
				CLANG_ANALYZER_NONNULL = YES;
				CLANG_ANALYZER_NUMBER_OBJECT_CONVERSION = YES_AGGRESSIVE;
				CLANG_CXX_LANGUAGE_STANDARD = "gnu++17";
				CLANG_ENABLE_MODULES = YES;
				CLANG_ENABLE_OBJC_ARC = YES;
				CLANG_ENABLE_OBJC_WEAK = YES;
				CLANG_WARN_BLOCK_CAPTURE_AUTORELEASING = YES;
				CLANG_WARN_BOOL_CONVERSION = YES;
				CLANG_WARN_COMMA = YES;
				CLANG_WARN_CONSTANT_CONVERSION = YES;
				CLANG_WARN_DEPRECATED_OBJC_IMPLEMENTATIONS = YES;
				CLANG_WARN_DIRECT_OBJC_ISA_USAGE = YES_ERROR;
				CLANG_WARN_DOCUMENTATION_COMMENTS = YES;
				CLANG_WARN_EMPTY_BODY = YES;
				CLANG_WARN_ENUM_CONVERSION = YES;
				CLANG_WARN_INFINITE_RECURSION = YES;
				CLANG_WARN_INT_CONVERSION = YES;
				CLANG_WARN_NON_LITERAL_NULL_CONVERSION = YES;
				CLANG_WARN_OBJC_IMPLICIT_RETAIN_SELF = YES;
				CLANG_WARN_OBJC_LITERAL_CONVERSION = YES;
				CLANG_WARN_OBJC_ROOT_CLASS = YES_ERROR;
				CLANG_WARN_QUOTED_INCLUDE_IN_FRAMEWORK_HEADER = YES;
				CLANG_WARN_RANGE_LOOP_ANALYSIS = YES;
				CLANG_WARN_STRICT_PROTOTYPES = YES;
				CLANG_WARN_SUSPICIOUS_MOVE = YES;
				CLANG_WARN_UNGUARDED_AVAILABILITY = YES_AGGRESSIVE;
				CLANG_WARN_UNREACHABLE_CODE = YES;
				CLANG_WARN__DUPLICATE_METHOD_MATCH = YES;
				COPY_PHASE_STRIP = NO;
				DEBUG_INFORMATION_FORMAT = dwarf;
				ENABLE_STRICT_OBJC_MSGSEND = YES;
				ENABLE_TESTABILITY = YES;
				GCC_C_LANGUAGE_STANDARD = gnu11;
				GCC_DYNAMIC_NO_PIC = NO;
				GCC_NO_COMMON_BLOCKS = YES;
				GCC_OPTIMIZATION_LEVEL = 0;
				GCC_PREPROCESSOR_DEFINITIONS = (
					"DEBUG=1",
					"$(inherited)",
				);
				GCC_WARN_64_TO_32_BIT_CONVERSION = YES;
				GCC_WARN_ABOUT_RETURN_TYPE = YES_ERROR;
				GCC_WARN_UNDECLARED_SELECTOR = YES;
				GCC_WARN_UNINITIALIZED_AUTOS = YES_AGGRESSIVE;
				GCC_WARN_UNUSED_FUNCTION = YES;
				GCC_WARN_UNUSED_VARIABLE = YES;
				IPHONEOS_DEPLOYMENT_TARGET = 15.5;
				MTL_ENABLE_DEBUG_INFO = INCLUDE_SOURCE;
				MTL_FAST_MATH = YES;
				ONLY_ACTIVE_ARCH = YES;
				SDKROOT = iphoneos;
				SWIFT_ACTIVE_COMPILATION_CONDITIONS = DEBUG;
				SWIFT_OPTIMIZATION_LEVEL = "-Onone";
			};
			name = Debug;
		};
		3DD1B41C284DF35500C46E5E /* Release */ = {
			isa = XCBuildConfiguration;
			buildSettings = {
				ALWAYS_SEARCH_USER_PATHS = NO;
				CLANG_ANALYZER_NONNULL = YES;
				CLANG_ANALYZER_NUMBER_OBJECT_CONVERSION = YES_AGGRESSIVE;
				CLANG_CXX_LANGUAGE_STANDARD = "gnu++17";
				CLANG_ENABLE_MODULES = YES;
				CLANG_ENABLE_OBJC_ARC = YES;
				CLANG_ENABLE_OBJC_WEAK = YES;
				CLANG_WARN_BLOCK_CAPTURE_AUTORELEASING = YES;
				CLANG_WARN_BOOL_CONVERSION = YES;
				CLANG_WARN_COMMA = YES;
				CLANG_WARN_CONSTANT_CONVERSION = YES;
				CLANG_WARN_DEPRECATED_OBJC_IMPLEMENTATIONS = YES;
				CLANG_WARN_DIRECT_OBJC_ISA_USAGE = YES_ERROR;
				CLANG_WARN_DOCUMENTATION_COMMENTS = YES;
				CLANG_WARN_EMPTY_BODY = YES;
				CLANG_WARN_ENUM_CONVERSION = YES;
				CLANG_WARN_INFINITE_RECURSION = YES;
				CLANG_WARN_INT_CONVERSION = YES;
				CLANG_WARN_NON_LITERAL_NULL_CONVERSION = YES;
				CLANG_WARN_OBJC_IMPLICIT_RETAIN_SELF = YES;
				CLANG_WARN_OBJC_LITERAL_CONVERSION = YES;
				CLANG_WARN_OBJC_ROOT_CLASS = YES_ERROR;
				CLANG_WARN_QUOTED_INCLUDE_IN_FRAMEWORK_HEADER = YES;
				CLANG_WARN_RANGE_LOOP_ANALYSIS = YES;
				CLANG_WARN_STRICT_PROTOTYPES = YES;
				CLANG_WARN_SUSPICIOUS_MOVE = YES;
				CLANG_WARN_UNGUARDED_AVAILABILITY = YES_AGGRESSIVE;
				CLANG_WARN_UNREACHABLE_CODE = YES;
				CLANG_WARN__DUPLICATE_METHOD_MATCH = YES;
				COPY_PHASE_STRIP = NO;
				DEBUG_INFORMATION_FORMAT = "dwarf-with-dsym";
				ENABLE_NS_ASSERTIONS = NO;
				ENABLE_STRICT_OBJC_MSGSEND = YES;
				GCC_C_LANGUAGE_STANDARD = gnu11;
				GCC_NO_COMMON_BLOCKS = YES;
				GCC_WARN_64_TO_32_BIT_CONVERSION = YES;
				GCC_WARN_ABOUT_RETURN_TYPE = YES_ERROR;
				GCC_WARN_UNDECLARED_SELECTOR = YES;
				GCC_WARN_UNINITIALIZED_AUTOS = YES_AGGRESSIVE;
				GCC_WARN_UNUSED_FUNCTION = YES;
				GCC_WARN_UNUSED_VARIABLE = YES;
				IPHONEOS_DEPLOYMENT_TARGET = 15.5;
				MTL_ENABLE_DEBUG_INFO = NO;
				MTL_FAST_MATH = YES;
				SDKROOT = iphoneos;
				SWIFT_COMPILATION_MODE = wholemodule;
				SWIFT_OPTIMIZATION_LEVEL = "-O";
				VALIDATE_PRODUCT = YES;
			};
			name = Release;
		};
		3DD1B41E284DF35500C46E5E /* Debug */ = {
			isa = XCBuildConfiguration;
			buildSettings = {
				ASSETCATALOG_COMPILER_APPICON_NAME = AppIcon;
				ASSETCATALOG_COMPILER_GLOBAL_ACCENT_COLOR_NAME = AccentColor;
				CODE_SIGN_STYLE = Automatic;
				CURRENT_PROJECT_VERSION = 1;
				DEVELOPMENT_TEAM = YV38A9PA8H;
				GENERATE_INFOPLIST_FILE = YES;
				INFOPLIST_FILE = 2_CloneScreen/Info.plist;
				INFOPLIST_KEY_UIApplicationSupportsIndirectInputEvents = YES;
				INFOPLIST_KEY_UILaunchStoryboardName = LaunchScreen;
				INFOPLIST_KEY_UIMainStoryboardFile = Main;
				INFOPLIST_KEY_UISupportedInterfaceOrientations_iPad = "UIInterfaceOrientationPortrait UIInterfaceOrientationPortraitUpsideDown UIInterfaceOrientationLandscapeLeft UIInterfaceOrientationLandscapeRight";
				INFOPLIST_KEY_UISupportedInterfaceOrientations_iPhone = "UIInterfaceOrientationPortrait UIInterfaceOrientationLandscapeLeft UIInterfaceOrientationLandscapeRight";
				LD_RUNPATH_SEARCH_PATHS = (
					"$(inherited)",
					"@executable_path/Frameworks",
				);
				MARKETING_VERSION = 1.0;
				PRODUCT_BUNDLE_IDENTIFIER = "com.kang.--CloneScreen";
				PRODUCT_NAME = "$(TARGET_NAME)";
				SWIFT_EMIT_LOC_STRINGS = YES;
				SWIFT_VERSION = 5.0;
				TARGETED_DEVICE_FAMILY = "1,2";
			};
			name = Debug;
		};
		3DD1B41F284DF35500C46E5E /* Release */ = {
			isa = XCBuildConfiguration;
			buildSettings = {
				ASSETCATALOG_COMPILER_APPICON_NAME = AppIcon;
				ASSETCATALOG_COMPILER_GLOBAL_ACCENT_COLOR_NAME = AccentColor;
				CODE_SIGN_STYLE = Automatic;
				CURRENT_PROJECT_VERSION = 1;
				DEVELOPMENT_TEAM = YV38A9PA8H;
				GENERATE_INFOPLIST_FILE = YES;
				INFOPLIST_FILE = 2_CloneScreen/Info.plist;
				INFOPLIST_KEY_UIApplicationSupportsIndirectInputEvents = YES;
				INFOPLIST_KEY_UILaunchStoryboardName = LaunchScreen;
				INFOPLIST_KEY_UIMainStoryboardFile = Main;
				INFOPLIST_KEY_UISupportedInterfaceOrientations_iPad = "UIInterfaceOrientationPortrait UIInterfaceOrientationPortraitUpsideDown UIInterfaceOrientationLandscapeLeft UIInterfaceOrientationLandscapeRight";
				INFOPLIST_KEY_UISupportedInterfaceOrientations_iPhone = "UIInterfaceOrientationPortrait UIInterfaceOrientationLandscapeLeft UIInterfaceOrientationLandscapeRight";
				LD_RUNPATH_SEARCH_PATHS = (
					"$(inherited)",
					"@executable_path/Frameworks",
				);
				MARKETING_VERSION = 1.0;
				PRODUCT_BUNDLE_IDENTIFIER = "com.kang.--CloneScreen";
				PRODUCT_NAME = "$(TARGET_NAME)";
				SWIFT_EMIT_LOC_STRINGS = YES;
				SWIFT_VERSION = 5.0;
				TARGETED_DEVICE_FAMILY = "1,2";
			};
			name = Release;
		};
		3DD1B421284DF35500C46E5E /* Debug */ = {
			isa = XCBuildConfiguration;
			buildSettings = {
				ALWAYS_EMBED_SWIFT_STANDARD_LIBRARIES = YES;
				BUNDLE_LOADER = "$(TEST_HOST)";
				CODE_SIGN_STYLE = Automatic;
				CURRENT_PROJECT_VERSION = 1;
				DEVELOPMENT_TEAM = YV38A9PA8H;
				GENERATE_INFOPLIST_FILE = YES;
				IPHONEOS_DEPLOYMENT_TARGET = 15.5;
				MARKETING_VERSION = 1.0;
				PRODUCT_BUNDLE_IDENTIFIER = "com.kang.--CloneScreenTests";
				PRODUCT_NAME = "$(TARGET_NAME)";
				SWIFT_EMIT_LOC_STRINGS = NO;
				SWIFT_VERSION = 5.0;
				TARGETED_DEVICE_FAMILY = "1,2";
				TEST_HOST = "$(BUILT_PRODUCTS_DIR)/2_CloneScreen.app/2_CloneScreen";
			};
			name = Debug;
		};
		3DD1B422284DF35500C46E5E /* Release */ = {
			isa = XCBuildConfiguration;
			buildSettings = {
				ALWAYS_EMBED_SWIFT_STANDARD_LIBRARIES = YES;
				BUNDLE_LOADER = "$(TEST_HOST)";
				CODE_SIGN_STYLE = Automatic;
				CURRENT_PROJECT_VERSION = 1;
				DEVELOPMENT_TEAM = YV38A9PA8H;
				GENERATE_INFOPLIST_FILE = YES;
				IPHONEOS_DEPLOYMENT_TARGET = 15.5;
				MARKETING_VERSION = 1.0;
				PRODUCT_BUNDLE_IDENTIFIER = "com.kang.--CloneScreenTests";
				PRODUCT_NAME = "$(TARGET_NAME)";
				SWIFT_EMIT_LOC_STRINGS = NO;
				SWIFT_VERSION = 5.0;
				TARGETED_DEVICE_FAMILY = "1,2";
				TEST_HOST = "$(BUILT_PRODUCTS_DIR)/2_CloneScreen.app/2_CloneScreen";
			};
			name = Release;
		};
		3DD1B424284DF35500C46E5E /* Debug */ = {
			isa = XCBuildConfiguration;
			buildSettings = {
				ALWAYS_EMBED_SWIFT_STANDARD_LIBRARIES = YES;
				CODE_SIGN_STYLE = Automatic;
				CURRENT_PROJECT_VERSION = 1;
				DEVELOPMENT_TEAM = YV38A9PA8H;
				GENERATE_INFOPLIST_FILE = YES;
				MARKETING_VERSION = 1.0;
				PRODUCT_BUNDLE_IDENTIFIER = "com.kang.--CloneScreenUITests";
				PRODUCT_NAME = "$(TARGET_NAME)";
				SWIFT_EMIT_LOC_STRINGS = NO;
				SWIFT_VERSION = 5.0;
				TARGETED_DEVICE_FAMILY = "1,2";
				TEST_TARGET_NAME = 2_CloneScreen;
			};
			name = Debug;
		};
		3DD1B425284DF35500C46E5E /* Release */ = {
			isa = XCBuildConfiguration;
			buildSettings = {
				ALWAYS_EMBED_SWIFT_STANDARD_LIBRARIES = YES;
				CODE_SIGN_STYLE = Automatic;
				CURRENT_PROJECT_VERSION = 1;
				DEVELOPMENT_TEAM = YV38A9PA8H;
				GENERATE_INFOPLIST_FILE = YES;
				MARKETING_VERSION = 1.0;
				PRODUCT_BUNDLE_IDENTIFIER = "com.kang.--CloneScreenUITests";
				PRODUCT_NAME = "$(TARGET_NAME)";
				SWIFT_EMIT_LOC_STRINGS = NO;
				SWIFT_VERSION = 5.0;
				TARGETED_DEVICE_FAMILY = "1,2";
				TEST_TARGET_NAME = 2_CloneScreen;
			};
			name = Release;
		};
/* End XCBuildConfiguration section */

/* Begin XCConfigurationList section */
		3DD1B3EE284DF35200C46E5E /* Build configuration list for PBXProject "2_CloneScreen" */ = {
			isa = XCConfigurationList;
			buildConfigurations = (
				3DD1B41B284DF35500C46E5E /* Debug */,
				3DD1B41C284DF35500C46E5E /* Release */,
			);
			defaultConfigurationIsVisible = 0;
			defaultConfigurationName = Release;
		};
		3DD1B41D284DF35500C46E5E /* Build configuration list for PBXNativeTarget "2_CloneScreen" */ = {
			isa = XCConfigurationList;
			buildConfigurations = (
				3DD1B41E284DF35500C46E5E /* Debug */,
				3DD1B41F284DF35500C46E5E /* Release */,
			);
			defaultConfigurationIsVisible = 0;
			defaultConfigurationName = Release;
		};
		3DD1B420284DF35500C46E5E /* Build configuration list for PBXNativeTarget "2_CloneScreenTests" */ = {
			isa = XCConfigurationList;
			buildConfigurations = (
				3DD1B421284DF35500C46E5E /* Debug */,
				3DD1B422284DF35500C46E5E /* Release */,
			);
			defaultConfigurationIsVisible = 0;
			defaultConfigurationName = Release;
		};
		3DD1B423284DF35500C46E5E /* Build configuration list for PBXNativeTarget "2_CloneScreenUITests" */ = {
			isa = XCConfigurationList;
			buildConfigurations = (
				3DD1B424284DF35500C46E5E /* Debug */,
				3DD1B425284DF35500C46E5E /* Release */,
			);
			defaultConfigurationIsVisible = 0;
			defaultConfigurationName = Release;
		};
/* End XCConfigurationList section */
	};
	rootObject = 3DD1B3EB284DF35200C46E5E /* Project object */;
}
