// !$*UTF8*$!
{
	archiveVersion = 1;
	classes = {
	};
	objectVersion = 55;
	objects = {

/* Begin PBXBuildFile section */
		1226B9C4BF5207D42FE5745D /* Pods_5_drinkWater.framework in Frameworks */ = {isa = PBXBuildFile; fileRef = 67E3096F2092B0C1F5A8D273 /* Pods_5_drinkWater.framework */; };
		3D69493E2871D45F00D49394 /* AppDelegate.swift in Sources */ = {isa = PBXBuildFile; fileRef = 3D69493D2871D45F00D49394 /* AppDelegate.swift */; };
		3D6949402871D45F00D49394 /* SceneDelegate.swift in Sources */ = {isa = PBXBuildFile; fileRef = 3D69493F2871D45F00D49394 /* SceneDelegate.swift */; };
		3D6949422871D45F00D49394 /* ViewController.swift in Sources */ = {isa = PBXBuildFile; fileRef = 3D6949412871D45F00D49394 /* ViewController.swift */; };
		3D6949452871D45F00D49394 /* Main.storyboard in Resources */ = {isa = PBXBuildFile; fileRef = 3D6949432871D45F00D49394 /* Main.storyboard */; };
		3D6949472871D46100D49394 /* Assets.xcassets in Resources */ = {isa = PBXBuildFile; fileRef = 3D6949462871D46100D49394 /* Assets.xcassets */; };
		3D69494A2871D46100D49394 /* LaunchScreen.storyboard in Resources */ = {isa = PBXBuildFile; fileRef = 3D6949482871D46100D49394 /* LaunchScreen.storyboard */; };
/* End PBXBuildFile section */

/* Begin PBXFileReference section */
		3D69493A2871D45F00D49394 /* 5_drinkWater.app */ = {isa = PBXFileReference; explicitFileType = wrapper.application; includeInIndex = 0; path = 5_drinkWater.app; sourceTree = BUILT_PRODUCTS_DIR; };
		3D69493D2871D45F00D49394 /* AppDelegate.swift */ = {isa = PBXFileReference; lastKnownFileType = sourcecode.swift; path = AppDelegate.swift; sourceTree = "<group>"; };
		3D69493F2871D45F00D49394 /* SceneDelegate.swift */ = {isa = PBXFileReference; lastKnownFileType = sourcecode.swift; path = SceneDelegate.swift; sourceTree = "<group>"; };
		3D6949412871D45F00D49394 /* ViewController.swift */ = {isa = PBXFileReference; lastKnownFileType = sourcecode.swift; path = ViewController.swift; sourceTree = "<group>"; };
		3D6949442871D45F00D49394 /* Base */ = {isa = PBXFileReference; lastKnownFileType = file.storyboard; name = Base; path = Base.lproj/Main.storyboard; sourceTree = "<group>"; };
		3D6949462871D46100D49394 /* Assets.xcassets */ = {isa = PBXFileReference; lastKnownFileType = folder.assetcatalog; path = Assets.xcassets; sourceTree = "<group>"; };
		3D6949492871D46100D49394 /* Base */ = {isa = PBXFileReference; lastKnownFileType = file.storyboard; name = Base; path = Base.lproj/LaunchScreen.storyboard; sourceTree = "<group>"; };
		3D69494B2871D46100D49394 /* Info.plist */ = {isa = PBXFileReference; lastKnownFileType = text.plist.xml; path = Info.plist; sourceTree = "<group>"; };
		67E3096F2092B0C1F5A8D273 /* Pods_5_drinkWater.framework */ = {isa = PBXFileReference; explicitFileType = wrapper.framework; includeInIndex = 0; path = Pods_5_drinkWater.framework; sourceTree = BUILT_PRODUCTS_DIR; };
		82699FD955159DEADB563B23 /* Pods-5_drinkWater.debug.xcconfig */ = {isa = PBXFileReference; includeInIndex = 1; lastKnownFileType = text.xcconfig; name = "Pods-5_drinkWater.debug.xcconfig"; path = "Target Support Files/Pods-5_drinkWater/Pods-5_drinkWater.debug.xcconfig"; sourceTree = "<group>"; };
		F008F8FF54855A2F3712410B /* Pods-5_drinkWater.release.xcconfig */ = {isa = PBXFileReference; includeInIndex = 1; lastKnownFileType = text.xcconfig; name = "Pods-5_drinkWater.release.xcconfig"; path = "Target Support Files/Pods-5_drinkWater/Pods-5_drinkWater.release.xcconfig"; sourceTree = "<group>"; };
/* End PBXFileReference section */

/* Begin PBXFrameworksBuildPhase section */
		3D6949372871D45F00D49394 /* Frameworks */ = {
			isa = PBXFrameworksBuildPhase;
			buildActionMask = 2147483647;
			files = (
				1226B9C4BF5207D42FE5745D /* Pods_5_drinkWater.framework in Frameworks */,
			);
			runOnlyForDeploymentPostprocessing = 0;
		};
/* End PBXFrameworksBuildPhase section */

/* Begin PBXGroup section */
		3D6949312871D45F00D49394 = {
			isa = PBXGroup;
			children = (
				3D69493C2871D45F00D49394 /* 5_drinkWater */,
				3D69493B2871D45F00D49394 /* Products */,
				9DE4C0027D9F744CE5253E6E /* Pods */,
				F719520C5A57AC8BFC8E2C01 /* Frameworks */,
			);
			sourceTree = "<group>";
		};
		3D69493B2871D45F00D49394 /* Products */ = {
			isa = PBXGroup;
			children = (
				3D69493A2871D45F00D49394 /* 5_drinkWater.app */,
			);
			name = Products;
			sourceTree = "<group>";
		};
		3D69493C2871D45F00D49394 /* 5_drinkWater */ = {
			isa = PBXGroup;
			children = (
				3D69493D2871D45F00D49394 /* AppDelegate.swift */,
				3D69493F2871D45F00D49394 /* SceneDelegate.swift */,
				3D6949412871D45F00D49394 /* ViewController.swift */,
				3D6949432871D45F00D49394 /* Main.storyboard */,
				3D6949462871D46100D49394 /* Assets.xcassets */,
				3D6949482871D46100D49394 /* LaunchScreen.storyboard */,
				3D69494B2871D46100D49394 /* Info.plist */,
			);
			path = 5_drinkWater;
			sourceTree = "<group>";
		};
		9DE4C0027D9F744CE5253E6E /* Pods */ = {
			isa = PBXGroup;
			children = (
				82699FD955159DEADB563B23 /* Pods-5_drinkWater.debug.xcconfig */,
				F008F8FF54855A2F3712410B /* Pods-5_drinkWater.release.xcconfig */,
			);
			name = Pods;
			path = Pods;
			sourceTree = "<group>";
		};
		F719520C5A57AC8BFC8E2C01 /* Frameworks */ = {
			isa = PBXGroup;
			children = (
				67E3096F2092B0C1F5A8D273 /* Pods_5_drinkWater.framework */,
			);
			name = Frameworks;
			sourceTree = "<group>";
		};
/* End PBXGroup section */

/* Begin PBXNativeTarget section */
		3D6949392871D45F00D49394 /* 5_drinkWater */ = {
			isa = PBXNativeTarget;
			buildConfigurationList = 3D69494E2871D46100D49394 /* Build configuration list for PBXNativeTarget "5_drinkWater" */;
			buildPhases = (
				4929827198679EB567F76180 /* [CP] Check Pods Manifest.lock */,
				3D6949362871D45F00D49394 /* Sources */,
				3D6949372871D45F00D49394 /* Frameworks */,
				3D6949382871D45F00D49394 /* Resources */,
				E89AD89418A105E8C9E5ACDF /* [CP] Embed Pods Frameworks */,
			);
			buildRules = (
			);
			dependencies = (
			);
			name = 5_drinkWater;
			productName = 5_drinkWater;
			productReference = 3D69493A2871D45F00D49394 /* 5_drinkWater.app */;
			productType = "com.apple.product-type.application";
		};
/* End PBXNativeTarget section */

/* Begin PBXProject section */
		3D6949322871D45F00D49394 /* Project object */ = {
			isa = PBXProject;
			attributes = {
				BuildIndependentTargetsInParallel = 1;
				LastSwiftUpdateCheck = 1340;
				LastUpgradeCheck = 1340;
				TargetAttributes = {
					3D6949392871D45F00D49394 = {
						CreatedOnToolsVersion = 13.4;
					};
				};
			};
			buildConfigurationList = 3D6949352871D45F00D49394 /* Build configuration list for PBXProject "5_drinkWater" */;
			compatibilityVersion = "Xcode 13.0";
			developmentRegion = en;
			hasScannedForEncodings = 0;
			knownRegions = (
				en,
				Base,
			);
			mainGroup = 3D6949312871D45F00D49394;
			productRefGroup = 3D69493B2871D45F00D49394 /* Products */;
			projectDirPath = "";
			projectRoot = "";
			targets = (
				3D6949392871D45F00D49394 /* 5_drinkWater */,
			);
		};
/* End PBXProject section */

/* Begin PBXResourcesBuildPhase section */
		3D6949382871D45F00D49394 /* Resources */ = {
			isa = PBXResourcesBuildPhase;
			buildActionMask = 2147483647;
			files = (
				3D69494A2871D46100D49394 /* LaunchScreen.storyboard in Resources */,
				3D6949472871D46100D49394 /* Assets.xcassets in Resources */,
				3D6949452871D45F00D49394 /* Main.storyboard in Resources */,
			);
			runOnlyForDeploymentPostprocessing = 0;
		};
/* End PBXResourcesBuildPhase section */

/* Begin PBXShellScriptBuildPhase section */
		4929827198679EB567F76180 /* [CP] Check Pods Manifest.lock */ = {
			isa = PBXShellScriptBuildPhase;
			buildActionMask = 2147483647;
			files = (
			);
			inputFileListPaths = (
			);
			inputPaths = (
				"${PODS_PODFILE_DIR_PATH}/Podfile.lock",
				"${PODS_ROOT}/Manifest.lock",
			);
			name = "[CP] Check Pods Manifest.lock";
			outputFileListPaths = (
			);
			outputPaths = (
				"$(DERIVED_FILE_DIR)/Pods-5_drinkWater-checkManifestLockResult.txt",
			);
			runOnlyForDeploymentPostprocessing = 0;
			shellPath = /bin/sh;
			shellScript = "diff \"${PODS_PODFILE_DIR_PATH}/Podfile.lock\" \"${PODS_ROOT}/Manifest.lock\" > /dev/null\nif [ $? != 0 ] ; then\n    # print error to STDERR\n    echo \"error: The sandbox is not in sync with the Podfile.lock. Run 'pod install' or update your CocoaPods installation.\" >&2\n    exit 1\nfi\n# This output is used by Xcode 'outputs' to avoid re-running this script phase.\necho \"SUCCESS\" > \"${SCRIPT_OUTPUT_FILE_0}\"\n";
			showEnvVarsInLog = 0;
		};
		E89AD89418A105E8C9E5ACDF /* [CP] Embed Pods Frameworks */ = {
			isa = PBXShellScriptBuildPhase;
			buildActionMask = 2147483647;
			files = (
			);
			inputFileListPaths = (
				"${PODS_ROOT}/Target Support Files/Pods-5_drinkWater/Pods-5_drinkWater-frameworks-${CONFIGURATION}-input-files.xcfilelist",
			);
			name = "[CP] Embed Pods Frameworks";
			outputFileListPaths = (
				"${PODS_ROOT}/Target Support Files/Pods-5_drinkWater/Pods-5_drinkWater-frameworks-${CONFIGURATION}-output-files.xcfilelist",
			);
			runOnlyForDeploymentPostprocessing = 0;
			shellPath = /bin/sh;
			shellScript = "\"${PODS_ROOT}/Target Support Files/Pods-5_drinkWater/Pods-5_drinkWater-frameworks.sh\"\n";
			showEnvVarsInLog = 0;
		};
/* End PBXShellScriptBuildPhase section */

/* Begin PBXSourcesBuildPhase section */
		3D6949362871D45F00D49394 /* Sources */ = {
			isa = PBXSourcesBuildPhase;
			buildActionMask = 2147483647;
			files = (
				3D6949422871D45F00D49394 /* ViewController.swift in Sources */,
				3D69493E2871D45F00D49394 /* AppDelegate.swift in Sources */,
				3D6949402871D45F00D49394 /* SceneDelegate.swift in Sources */,
			);
			runOnlyForDeploymentPostprocessing = 0;
		};
/* End PBXSourcesBuildPhase section */

/* Begin PBXVariantGroup section */
		3D6949432871D45F00D49394 /* Main.storyboard */ = {
			isa = PBXVariantGroup;
			children = (
				3D6949442871D45F00D49394 /* Base */,
			);
			name = Main.storyboard;
			sourceTree = "<group>";
		};
		3D6949482871D46100D49394 /* LaunchScreen.storyboard */ = {
			isa = PBXVariantGroup;
			children = (
				3D6949492871D46100D49394 /* Base */,
			);
			name = LaunchScreen.storyboard;
			sourceTree = "<group>";
		};
/* End PBXVariantGroup section */

/* Begin XCBuildConfiguration section */
		3D69494C2871D46100D49394 /* Debug */ = {
			isa = XCBuildConfiguration;
			buildSettings = {
				ALWAYS_SEARCH_USER_PATHS = NO;
				CLANG_ANALYZER_NONNULL = YES;
				CLANG_ANALYZER_NUMBER_OBJECT_CONVERSION = YES_AGGRESSIVE;
				CLANG_CXX_LANGUAGE_STANDARD = "gnu++17";
				CLANG_ENABLE_MODULES = YES;
				CLANG_ENABLE_OBJC_ARC = YES;
				CLANG_ENABLE_OBJC_WEAK = YES;
				CLANG_WARN_BLOCK_CAPTURE_AUTORELEASING = YES;
				CLANG_WARN_BOOL_CONVERSION = YES;
				CLANG_WARN_COMMA = YES;
				CLANG_WARN_CONSTANT_CONVERSION = YES;
				CLANG_WARN_DEPRECATED_OBJC_IMPLEMENTATIONS = YES;
				CLANG_WARN_DIRECT_OBJC_ISA_USAGE = YES_ERROR;
				CLANG_WARN_DOCUMENTATION_COMMENTS = YES;
				CLANG_WARN_EMPTY_BODY = YES;
				CLANG_WARN_ENUM_CONVERSION = YES;
				CLANG_WARN_INFINITE_RECURSION = YES;
				CLANG_WARN_INT_CONVERSION = YES;
				CLANG_WARN_NON_LITERAL_NULL_CONVERSION = YES;
				CLANG_WARN_OBJC_IMPLICIT_RETAIN_SELF = YES;
				CLANG_WARN_OBJC_LITERAL_CONVERSION = YES;
				CLANG_WARN_OBJC_ROOT_CLASS = YES_ERROR;
				CLANG_WARN_QUOTED_INCLUDE_IN_FRAMEWORK_HEADER = YES;
				CLANG_WARN_RANGE_LOOP_ANALYSIS = YES;
				CLANG_WARN_STRICT_PROTOTYPES = YES;
				CLANG_WARN_SUSPICIOUS_MOVE = YES;
				CLANG_WARN_UNGUARDED_AVAILABILITY = YES_AGGRESSIVE;
				CLANG_WARN_UNREACHABLE_CODE = YES;
				CLANG_WARN__DUPLICATE_METHOD_MATCH = YES;
				COPY_PHASE_STRIP = NO;
				DEBUG_INFORMATION_FORMAT = dwarf;
				ENABLE_STRICT_OBJC_MSGSEND = YES;
				ENABLE_TESTABILITY = YES;
				GCC_C_LANGUAGE_STANDARD = gnu11;
				GCC_DYNAMIC_NO_PIC = NO;
				GCC_NO_COMMON_BLOCKS = YES;
				GCC_OPTIMIZATION_LEVEL = 0;
				GCC_PREPROCESSOR_DEFINITIONS = (
					"DEBUG=1",
					"$(inherited)",
				);
				GCC_WARN_64_TO_32_BIT_CONVERSION = YES;
				GCC_WARN_ABOUT_RETURN_TYPE = YES_ERROR;
				GCC_WARN_UNDECLARED_SELECTOR = YES;
				GCC_WARN_UNINITIALIZED_AUTOS = YES_AGGRESSIVE;
				GCC_WARN_UNUSED_FUNCTION = YES;
				GCC_WARN_UNUSED_VARIABLE = YES;
				IPHONEOS_DEPLOYMENT_TARGET = 15.5;
				MTL_ENABLE_DEBUG_INFO = INCLUDE_SOURCE;
				MTL_FAST_MATH = YES;
				ONLY_ACTIVE_ARCH = YES;
				SDKROOT = iphoneos;
				SWIFT_ACTIVE_COMPILATION_CONDITIONS = DEBUG;
				SWIFT_OPTIMIZATION_LEVEL = "-Onone";
			};
			name = Debug;
		};
		3D69494D2871D46100D49394 /* Release */ = {
			isa = XCBuildConfiguration;
			buildSettings = {
				ALWAYS_SEARCH_USER_PATHS = NO;
				CLANG_ANALYZER_NONNULL = YES;
				CLANG_ANALYZER_NUMBER_OBJECT_CONVERSION = YES_AGGRESSIVE;
				CLANG_CXX_LANGUAGE_STANDARD = "gnu++17";
				CLANG_ENABLE_MODULES = YES;
				CLANG_ENABLE_OBJC_ARC = YES;
				CLANG_ENABLE_OBJC_WEAK = YES;
				CLANG_WARN_BLOCK_CAPTURE_AUTORELEASING = YES;
				CLANG_WARN_BOOL_CONVERSION = YES;
				CLANG_WARN_COMMA = YES;
				CLANG_WARN_CONSTANT_CONVERSION = YES;
				CLANG_WARN_DEPRECATED_OBJC_IMPLEMENTATIONS = YES;
				CLANG_WARN_DIRECT_OBJC_ISA_USAGE = YES_ERROR;
				CLANG_WARN_DOCUMENTATION_COMMENTS = YES;
				CLANG_WARN_EMPTY_BODY = YES;
				CLANG_WARN_ENUM_CONVERSION = YES;
				CLANG_WARN_INFINITE_RECURSION = YES;
				CLANG_WARN_INT_CONVERSION = YES;
				CLANG_WARN_NON_LITERAL_NULL_CONVERSION = YES;
				CLANG_WARN_OBJC_IMPLICIT_RETAIN_SELF = YES;
				CLANG_WARN_OBJC_LITERAL_CONVERSION = YES;
				CLANG_WARN_OBJC_ROOT_CLASS = YES_ERROR;
				CLANG_WARN_QUOTED_INCLUDE_IN_FRAMEWORK_HEADER = YES;
				CLANG_WARN_RANGE_LOOP_ANALYSIS = YES;
				CLANG_WARN_STRICT_PROTOTYPES = YES;
				CLANG_WARN_SUSPICIOUS_MOVE = YES;
				CLANG_WARN_UNGUARDED_AVAILABILITY = YES_AGGRESSIVE;
				CLANG_WARN_UNREACHABLE_CODE = YES;
				CLANG_WARN__DUPLICATE_METHOD_MATCH = YES;
				COPY_PHASE_STRIP = NO;
				DEBUG_INFORMATION_FORMAT = "dwarf-with-dsym";
				ENABLE_NS_ASSERTIONS = NO;
				ENABLE_STRICT_OBJC_MSGSEND = YES;
				GCC_C_LANGUAGE_STANDARD = gnu11;
				GCC_NO_COMMON_BLOCKS = YES;
				GCC_WARN_64_TO_32_BIT_CONVERSION = YES;
				GCC_WARN_ABOUT_RETURN_TYPE = YES_ERROR;
				GCC_WARN_UNDECLARED_SELECTOR = YES;
				GCC_WARN_UNINITIALIZED_AUTOS = YES_AGGRESSIVE;
				GCC_WARN_UNUSED_FUNCTION = YES;
				GCC_WARN_UNUSED_VARIABLE = YES;
				IPHONEOS_DEPLOYMENT_TARGET = 15.5;
				MTL_ENABLE_DEBUG_INFO = NO;
				MTL_FAST_MATH = YES;
				SDKROOT = iphoneos;
				SWIFT_COMPILATION_MODE = wholemodule;
				SWIFT_OPTIMIZATION_LEVEL = "-O";
				VALIDATE_PRODUCT = YES;
			};
			name = Release;
		};
		3D69494F2871D46100D49394 /* Debug */ = {
			isa = XCBuildConfiguration;
			baseConfigurationReference = 82699FD955159DEADB563B23 /* Pods-5_drinkWater.debug.xcconfig */;
			buildSettings = {
				ASSETCATALOG_COMPILER_APPICON_NAME = AppIcon;
				ASSETCATALOG_COMPILER_GLOBAL_ACCENT_COLOR_NAME = AccentColor;
				CODE_SIGN_STYLE = Automatic;
				CURRENT_PROJECT_VERSION = 1;
				DEVELOPMENT_TEAM = YV38A9PA8H;
				GENERATE_INFOPLIST_FILE = YES;
				INFOPLIST_FILE = 5_drinkWater/Info.plist;
				INFOPLIST_KEY_UIApplicationSupportsIndirectInputEvents = YES;
				INFOPLIST_KEY_UILaunchStoryboardName = LaunchScreen;
				INFOPLIST_KEY_UIMainStoryboardFile = Main;
				INFOPLIST_KEY_UISupportedInterfaceOrientations_iPad = "UIInterfaceOrientationPortrait UIInterfaceOrientationPortraitUpsideDown UIInterfaceOrientationLandscapeLeft UIInterfaceOrientationLandscapeRight";
				INFOPLIST_KEY_UISupportedInterfaceOrientations_iPhone = "UIInterfaceOrientationPortrait UIInterfaceOrientationLandscapeLeft UIInterfaceOrientationLandscapeRight";
				LD_RUNPATH_SEARCH_PATHS = (
					"$(inherited)",
					"@executable_path/Frameworks",
				);
				MARKETING_VERSION = 1.0;
				PRODUCT_BUNDLE_IDENTIFIER = "com.kang.--drinkWater";
				PRODUCT_NAME = "$(TARGET_NAME)";
				SWIFT_EMIT_LOC_STRINGS = YES;
				SWIFT_VERSION = 5.0;
				TARGETED_DEVICE_FAMILY = "1,2";
			};
			name = Debug;
		};
		3D6949502871D46100D49394 /* Release */ = {
			isa = XCBuildConfiguration;
			baseConfigurationReference = F008F8FF54855A2F3712410B /* Pods-5_drinkWater.release.xcconfig */;
			buildSettings = {
				ASSETCATALOG_COMPILER_APPICON_NAME = AppIcon;
				ASSETCATALOG_COMPILER_GLOBAL_ACCENT_COLOR_NAME = AccentColor;
				CODE_SIGN_STYLE = Automatic;
				CURRENT_PROJECT_VERSION = 1;
				DEVELOPMENT_TEAM = YV38A9PA8H;
				GENERATE_INFOPLIST_FILE = YES;
				INFOPLIST_FILE = 5_drinkWater/Info.plist;
				INFOPLIST_KEY_UIApplicationSupportsIndirectInputEvents = YES;
				INFOPLIST_KEY_UILaunchStoryboardName = LaunchScreen;
				INFOPLIST_KEY_UIMainStoryboardFile = Main;
				INFOPLIST_KEY_UISupportedInterfaceOrientations_iPad = "UIInterfaceOrientationPortrait UIInterfaceOrientationPortraitUpsideDown UIInterfaceOrientationLandscapeLeft UIInterfaceOrientationLandscapeRight";
				INFOPLIST_KEY_UISupportedInterfaceOrientations_iPhone = "UIInterfaceOrientationPortrait UIInterfaceOrientationLandscapeLeft UIInterfaceOrientationLandscapeRight";
				LD_RUNPATH_SEARCH_PATHS = (
					"$(inherited)",
					"@executable_path/Frameworks",
				);
				MARKETING_VERSION = 1.0;
				PRODUCT_BUNDLE_IDENTIFIER = "com.kang.--drinkWater";
				PRODUCT_NAME = "$(TARGET_NAME)";
				SWIFT_EMIT_LOC_STRINGS = YES;
				SWIFT_VERSION = 5.0;
				TARGETED_DEVICE_FAMILY = "1,2";
			};
			name = Release;
		};
/* End XCBuildConfiguration section */

/* Begin XCConfigurationList section */
		3D6949352871D45F00D49394 /* Build configuration list for PBXProject "5_drinkWater" */ = {
			isa = XCConfigurationList;
			buildConfigurations = (
				3D69494C2871D46100D49394 /* Debug */,
				3D69494D2871D46100D49394 /* Release */,
			);
			defaultConfigurationIsVisible = 0;
			defaultConfigurationName = Release;
		};
		3D69494E2871D46100D49394 /* Build configuration list for PBXNativeTarget "5_drinkWater" */ = {
			isa = XCConfigurationList;
			buildConfigurations = (
				3D69494F2871D46100D49394 /* Debug */,
				3D6949502871D46100D49394 /* Release */,
			);
			defaultConfigurationIsVisible = 0;
			defaultConfigurationName = Release;
		};
/* End XCConfigurationList section */
	};
	rootObject = 3D6949322871D45F00D49394 /* Project object */;
}
