// !$*UTF8*$!
{
	archiveVersion = 1;
	classes = {
	};
	objectVersion = 55;
	objects = {

/* Begin PBXBuildFile section */
		3DF91CA2286B4A170048C9F4 /* AppDelegate.swift in Sources */ = {isa = PBXBuildFile; fileRef = 3DF91CA1286B4A170048C9F4 /* AppDelegate.swift */; };
		3DF91CA4286B4A170048C9F4 /* SceneDelegate.swift in Sources */ = {isa = PBXBuildFile; fileRef = 3DF91CA3286B4A170048C9F4 /* SceneDelegate.swift */; };
		3DF91CA6286B4A170048C9F4 /* ViewController.swift in Sources */ = {isa = PBXBuildFile; fileRef = 3DF91CA5286B4A170048C9F4 /* ViewController.swift */; };
		3DF91CA9286B4A170048C9F4 /* Main.storyboard in Resources */ = {isa = PBXBuildFile; fileRef = 3DF91CA7286B4A170048C9F4 /* Main.storyboard */; };
		3DF91CAB286B4A1B0048C9F4 /* Assets.xcassets in Resources */ = {isa = PBXBuildFile; fileRef = 3DF91CAA286B4A1B0048C9F4 /* Assets.xcassets */; };
		3DF91CAE286B4A1B0048C9F4 /* LaunchScreen.storyboard in Resources */ = {isa = PBXBuildFile; fileRef = 3DF91CAC286B4A1B0048C9F4 /* LaunchScreen.storyboard */; };
		3DF91CB9286B4A1B0048C9F4 /* __LibraryPracticeTests.swift in Sources */ = {isa = PBXBuildFile; fileRef = 3DF91CB8286B4A1B0048C9F4 /* __LibraryPracticeTests.swift */; };
		3DF91CC3286B4A1B0048C9F4 /* __LibraryPracticeUITests.swift in Sources */ = {isa = PBXBuildFile; fileRef = 3DF91CC2286B4A1B0048C9F4 /* __LibraryPracticeUITests.swift */; };
		3DF91CC5286B4A1B0048C9F4 /* __LibraryPracticeUITestsLaunchTests.swift in Sources */ = {isa = PBXBuildFile; fileRef = 3DF91CC4286B4A1B0048C9F4 /* __LibraryPracticeUITestsLaunchTests.swift */; };
/* End PBXBuildFile section */

/* Begin PBXContainerItemProxy section */
		3DF91CB5286B4A1B0048C9F4 /* PBXContainerItemProxy */ = {
			isa = PBXContainerItemProxy;
			containerPortal = 3DF91C96286B4A170048C9F4 /* Project object */;
			proxyType = 1;
			remoteGlobalIDString = 3DF91C9D286B4A170048C9F4;
			remoteInfo = 5_LibraryPractice;
		};
		3DF91CBF286B4A1B0048C9F4 /* PBXContainerItemProxy */ = {
			isa = PBXContainerItemProxy;
			containerPortal = 3DF91C96286B4A170048C9F4 /* Project object */;
			proxyType = 1;
			remoteGlobalIDString = 3DF91C9D286B4A170048C9F4;
			remoteInfo = 5_LibraryPractice;
		};
/* End PBXContainerItemProxy section */

/* Begin PBXFileReference section */
		3DF91C9E286B4A170048C9F4 /* 5_LibraryPractice.app */ = {isa = PBXFileReference; explicitFileType = wrapper.application; includeInIndex = 0; path = 5_LibraryPractice.app; sourceTree = BUILT_PRODUCTS_DIR; };
		3DF91CA1286B4A170048C9F4 /* AppDelegate.swift */ = {isa = PBXFileReference; lastKnownFileType = sourcecode.swift; path = AppDelegate.swift; sourceTree = "<group>"; };
		3DF91CA3286B4A170048C9F4 /* SceneDelegate.swift */ = {isa = PBXFileReference; lastKnownFileType = sourcecode.swift; path = SceneDelegate.swift; sourceTree = "<group>"; };
		3DF91CA5286B4A170048C9F4 /* ViewController.swift */ = {isa = PBXFileReference; lastKnownFileType = sourcecode.swift; path = ViewController.swift; sourceTree = "<group>"; };
		3DF91CA8286B4A170048C9F4 /* Base */ = {isa = PBXFileReference; lastKnownFileType = file.storyboard; name = Base; path = Base.lproj/Main.storyboard; sourceTree = "<group>"; };
		3DF91CAA286B4A1B0048C9F4 /* Assets.xcassets */ = {isa = PBXFileReference; lastKnownFileType = folder.assetcatalog; path = Assets.xcassets; sourceTree = "<group>"; };
		3DF91CAD286B4A1B0048C9F4 /* Base */ = {isa = PBXFileReference; lastKnownFileType = file.storyboard; name = Base; path = Base.lproj/LaunchScreen.storyboard; sourceTree = "<group>"; };
		3DF91CAF286B4A1B0048C9F4 /* Info.plist */ = {isa = PBXFileReference; lastKnownFileType = text.plist.xml; path = Info.plist; sourceTree = "<group>"; };
		3DF91CB4286B4A1B0048C9F4 /* 5_LibraryPracticeTests.xctest */ = {isa = PBXFileReference; explicitFileType = wrapper.cfbundle; includeInIndex = 0; path = 5_LibraryPracticeTests.xctest; sourceTree = BUILT_PRODUCTS_DIR; };
		3DF91CB8286B4A1B0048C9F4 /* __LibraryPracticeTests.swift */ = {isa = PBXFileReference; lastKnownFileType = sourcecode.swift; path = __LibraryPracticeTests.swift; sourceTree = "<group>"; };
		3DF91CBE286B4A1B0048C9F4 /* 5_LibraryPracticeUITests.xctest */ = {isa = PBXFileReference; explicitFileType = wrapper.cfbundle; includeInIndex = 0; path = 5_LibraryPracticeUITests.xctest; sourceTree = BUILT_PRODUCTS_DIR; };
		3DF91CC2286B4A1B0048C9F4 /* __LibraryPracticeUITests.swift */ = {isa = PBXFileReference; lastKnownFileType = sourcecode.swift; path = __LibraryPracticeUITests.swift; sourceTree = "<group>"; };
		3DF91CC4286B4A1B0048C9F4 /* __LibraryPracticeUITestsLaunchTests.swift */ = {isa = PBXFileReference; lastKnownFileType = sourcecode.swift; path = __LibraryPracticeUITestsLaunchTests.swift; sourceTree = "<group>"; };
/* End PBXFileReference section */

/* Begin PBXFrameworksBuildPhase section */
		3DF91C9B286B4A170048C9F4 /* Frameworks */ = {
			isa = PBXFrameworksBuildPhase;
			buildActionMask = 2147483647;
			files = (
			);
			runOnlyForDeploymentPostprocessing = 0;
		};
		3DF91CB1286B4A1B0048C9F4 /* Frameworks */ = {
			isa = PBXFrameworksBuildPhase;
			buildActionMask = 2147483647;
			files = (
			);
			runOnlyForDeploymentPostprocessing = 0;
		};
		3DF91CBB286B4A1B0048C9F4 /* Frameworks */ = {
			isa = PBXFrameworksBuildPhase;
			buildActionMask = 2147483647;
			files = (
			);
			runOnlyForDeploymentPostprocessing = 0;
		};
/* End PBXFrameworksBuildPhase section */

/* Begin PBXGroup section */
		3DF91C95286B4A170048C9F4 = {
			isa = PBXGroup;
			children = (
				3DF91CA0286B4A170048C9F4 /* 5_LibraryPractice */,
				3DF91CB7286B4A1B0048C9F4 /* 5_LibraryPracticeTests */,
				3DF91CC1286B4A1B0048C9F4 /* 5_LibraryPracticeUITests */,
				3DF91C9F286B4A170048C9F4 /* Products */,
			);
			sourceTree = "<group>";
		};
		3DF91C9F286B4A170048C9F4 /* Products */ = {
			isa = PBXGroup;
			children = (
				3DF91C9E286B4A170048C9F4 /* 5_LibraryPractice.app */,
				3DF91CB4286B4A1B0048C9F4 /* 5_LibraryPracticeTests.xctest */,
				3DF91CBE286B4A1B0048C9F4 /* 5_LibraryPracticeUITests.xctest */,
			);
			name = Products;
			sourceTree = "<group>";
		};
		3DF91CA0286B4A170048C9F4 /* 5_LibraryPractice */ = {
			isa = PBXGroup;
			children = (
				3DF91CA1286B4A170048C9F4 /* AppDelegate.swift */,
				3DF91CA3286B4A170048C9F4 /* SceneDelegate.swift */,
				3DF91CA5286B4A170048C9F4 /* ViewController.swift */,
				3DF91CA7286B4A170048C9F4 /* Main.storyboard */,
				3DF91CAA286B4A1B0048C9F4 /* Assets.xcassets */,
				3DF91CAC286B4A1B0048C9F4 /* LaunchScreen.storyboard */,
				3DF91CAF286B4A1B0048C9F4 /* Info.plist */,
			);
			path = 5_LibraryPractice;
			sourceTree = "<group>";
		};
		3DF91CB7286B4A1B0048C9F4 /* 5_LibraryPracticeTests */ = {
			isa = PBXGroup;
			children = (
				3DF91CB8286B4A1B0048C9F4 /* __LibraryPracticeTests.swift */,
			);
			path = 5_LibraryPracticeTests;
			sourceTree = "<group>";
		};
		3DF91CC1286B4A1B0048C9F4 /* 5_LibraryPracticeUITests */ = {
			isa = PBXGroup;
			children = (
				3DF91CC2286B4A1B0048C9F4 /* __LibraryPracticeUITests.swift */,
				3DF91CC4286B4A1B0048C9F4 /* __LibraryPracticeUITestsLaunchTests.swift */,
			);
			path = 5_LibraryPracticeUITests;
			sourceTree = "<group>";
		};
/* End PBXGroup section */

/* Begin PBXNativeTarget section */
		3DF91C9D286B4A170048C9F4 /* 5_LibraryPractice */ = {
			isa = PBXNativeTarget;
			buildConfigurationList = 3DF91CC8286B4A1B0048C9F4 /* Build configuration list for PBXNativeTarget "5_LibraryPractice" */;
			buildPhases = (
				3DF91C9A286B4A170048C9F4 /* Sources */,
				3DF91C9B286B4A170048C9F4 /* Frameworks */,
				3DF91C9C286B4A170048C9F4 /* Resources */,
			);
			buildRules = (
			);
			dependencies = (
			);
			name = 5_LibraryPractice;
			productName = 5_LibraryPractice;
			productReference = 3DF91C9E286B4A170048C9F4 /* 5_LibraryPractice.app */;
			productType = "com.apple.product-type.application";
		};
		3DF91CB3286B4A1B0048C9F4 /* 5_LibraryPracticeTests */ = {
			isa = PBXNativeTarget;
			buildConfigurationList = 3DF91CCB286B4A1B0048C9F4 /* Build configuration list for PBXNativeTarget "5_LibraryPracticeTests" */;
			buildPhases = (
				3DF91CB0286B4A1B0048C9F4 /* Sources */,
				3DF91CB1286B4A1B0048C9F4 /* Frameworks */,
				3DF91CB2286B4A1B0048C9F4 /* Resources */,
			);
			buildRules = (
			);
			dependencies = (
				3DF91CB6286B4A1B0048C9F4 /* PBXTargetDependency */,
			);
			name = 5_LibraryPracticeTests;
			productName = 5_LibraryPracticeTests;
			productReference = 3DF91CB4286B4A1B0048C9F4 /* 5_LibraryPracticeTests.xctest */;
			productType = "com.apple.product-type.bundle.unit-test";
		};
		3DF91CBD286B4A1B0048C9F4 /* 5_LibraryPracticeUITests */ = {
			isa = PBXNativeTarget;
			buildConfigurationList = 3DF91CCE286B4A1B0048C9F4 /* Build configuration list for PBXNativeTarget "5_LibraryPracticeUITests" */;
			buildPhases = (
				3DF91CBA286B4A1B0048C9F4 /* Sources */,
				3DF91CBB286B4A1B0048C9F4 /* Frameworks */,
				3DF91CBC286B4A1B0048C9F4 /* Resources */,
			);
			buildRules = (
			);
			dependencies = (
				3DF91CC0286B4A1B0048C9F4 /* PBXTargetDependency */,
			);
			name = 5_LibraryPracticeUITests;
			productName = 5_LibraryPracticeUITests;
			productReference = 3DF91CBE286B4A1B0048C9F4 /* 5_LibraryPracticeUITests.xctest */;
			productType = "com.apple.product-type.bundle.ui-testing";
		};
/* End PBXNativeTarget section */

/* Begin PBXProject section */
		3DF91C96286B4A170048C9F4 /* Project object */ = {
			isa = PBXProject;
			attributes = {
				BuildIndependentTargetsInParallel = 1;
				LastSwiftUpdateCheck = 1340;
				LastUpgradeCheck = 1340;
				TargetAttributes = {
					3DF91C9D286B4A170048C9F4 = {
						CreatedOnToolsVersion = 13.4;
					};
					3DF91CB3286B4A1B0048C9F4 = {
						CreatedOnToolsVersion = 13.4;
						TestTargetID = 3DF91C9D286B4A170048C9F4;
					};
					3DF91CBD286B4A1B0048C9F4 = {
						CreatedOnToolsVersion = 13.4;
						TestTargetID = 3DF91C9D286B4A170048C9F4;
					};
				};
			};
			buildConfigurationList = 3DF91C99286B4A170048C9F4 /* Build configuration list for PBXProject "5_LibraryPractice" */;
			compatibilityVersion = "Xcode 13.0";
			developmentRegion = en;
			hasScannedForEncodings = 0;
			knownRegions = (
				en,
				Base,
			);
			mainGroup = 3DF91C95286B4A170048C9F4;
			productRefGroup = 3DF91C9F286B4A170048C9F4 /* Products */;
			projectDirPath = "";
			projectRoot = "";
			targets = (
				3DF91C9D286B4A170048C9F4 /* 5_LibraryPractice */,
				3DF91CB3286B4A1B0048C9F4 /* 5_LibraryPracticeTests */,
				3DF91CBD286B4A1B0048C9F4 /* 5_LibraryPracticeUITests */,
			);
		};
/* End PBXProject section */

/* Begin PBXResourcesBuildPhase section */
		3DF91C9C286B4A170048C9F4 /* Resources */ = {
			isa = PBXResourcesBuildPhase;
			buildActionMask = 2147483647;
			files = (
				3DF91CAE286B4A1B0048C9F4 /* LaunchScreen.storyboard in Resources */,
				3DF91CAB286B4A1B0048C9F4 /* Assets.xcassets in Resources */,
				3DF91CA9286B4A170048C9F4 /* Main.storyboard in Resources */,
			);
			runOnlyForDeploymentPostprocessing = 0;
		};
		3DF91CB2286B4A1B0048C9F4 /* Resources */ = {
			isa = PBXResourcesBuildPhase;
			buildActionMask = 2147483647;
			files = (
			);
			runOnlyForDeploymentPostprocessing = 0;
		};
		3DF91CBC286B4A1B0048C9F4 /* Resources */ = {
			isa = PBXResourcesBuildPhase;
			buildActionMask = 2147483647;
			files = (
			);
			runOnlyForDeploymentPostprocessing = 0;
		};
/* End PBXResourcesBuildPhase section */

/* Begin PBXSourcesBuildPhase section */
		3DF91C9A286B4A170048C9F4 /* Sources */ = {
			isa = PBXSourcesBuildPhase;
			buildActionMask = 2147483647;
			files = (
				3DF91CA6286B4A170048C9F4 /* ViewController.swift in Sources */,
				3DF91CA2286B4A170048C9F4 /* AppDelegate.swift in Sources */,
				3DF91CA4286B4A170048C9F4 /* SceneDelegate.swift in Sources */,
			);
			runOnlyForDeploymentPostprocessing = 0;
		};
		3DF91CB0286B4A1B0048C9F4 /* Sources */ = {
			isa = PBXSourcesBuildPhase;
			buildActionMask = 2147483647;
			files = (
				3DF91CB9286B4A1B0048C9F4 /* __LibraryPracticeTests.swift in Sources */,
			);
			runOnlyForDeploymentPostprocessing = 0;
		};
		3DF91CBA286B4A1B0048C9F4 /* Sources */ = {
			isa = PBXSourcesBuildPhase;
			buildActionMask = 2147483647;
			files = (
				3DF91CC3286B4A1B0048C9F4 /* __LibraryPracticeUITests.swift in Sources */,
				3DF91CC5286B4A1B0048C9F4 /* __LibraryPracticeUITestsLaunchTests.swift in Sources */,
			);
			runOnlyForDeploymentPostprocessing = 0;
		};
/* End PBXSourcesBuildPhase section */

/* Begin PBXTargetDependency section */
		3DF91CB6286B4A1B0048C9F4 /* PBXTargetDependency */ = {
			isa = PBXTargetDependency;
			target = 3DF91C9D286B4A170048C9F4 /* 5_LibraryPractice */;
			targetProxy = 3DF91CB5286B4A1B0048C9F4 /* PBXContainerItemProxy */;
		};
		3DF91CC0286B4A1B0048C9F4 /* PBXTargetDependency */ = {
			isa = PBXTargetDependency;
			target = 3DF91C9D286B4A170048C9F4 /* 5_LibraryPractice */;
			targetProxy = 3DF91CBF286B4A1B0048C9F4 /* PBXContainerItemProxy */;
		};
/* End PBXTargetDependency section */

/* Begin PBXVariantGroup section */
		3DF91CA7286B4A170048C9F4 /* Main.storyboard */ = {
			isa = PBXVariantGroup;
			children = (
				3DF91CA8286B4A170048C9F4 /* Base */,
			);
			name = Main.storyboard;
			sourceTree = "<group>";
		};
		3DF91CAC286B4A1B0048C9F4 /* LaunchScreen.storyboard */ = {
			isa = PBXVariantGroup;
			children = (
				3DF91CAD286B4A1B0048C9F4 /* Base */,
			);
			name = LaunchScreen.storyboard;
			sourceTree = "<group>";
		};
/* End PBXVariantGroup section */

/* Begin XCBuildConfiguration section */
		3DF91CC6286B4A1B0048C9F4 /* Debug */ = {
			isa = XCBuildConfiguration;
			buildSettings = {
				ALWAYS_SEARCH_USER_PATHS = NO;
				CLANG_ANALYZER_NONNULL = YES;
				CLANG_ANALYZER_NUMBER_OBJECT_CONVERSION = YES_AGGRESSIVE;
				CLANG_CXX_LANGUAGE_STANDARD = "gnu++17";
				CLANG_ENABLE_MODULES = YES;
				CLANG_ENABLE_OBJC_ARC = YES;
				CLANG_ENABLE_OBJC_WEAK = YES;
				CLANG_WARN_BLOCK_CAPTURE_AUTORELEASING = YES;
				CLANG_WARN_BOOL_CONVERSION = YES;
				CLANG_WARN_COMMA = YES;
				CLANG_WARN_CONSTANT_CONVERSION = YES;
				CLANG_WARN_DEPRECATED_OBJC_IMPLEMENTATIONS = YES;
				CLANG_WARN_DIRECT_OBJC_ISA_USAGE = YES_ERROR;
				CLANG_WARN_DOCUMENTATION_COMMENTS = YES;
				CLANG_WARN_EMPTY_BODY = YES;
				CLANG_WARN_ENUM_CONVERSION = YES;
				CLANG_WARN_INFINITE_RECURSION = YES;
				CLANG_WARN_INT_CONVERSION = YES;
				CLANG_WARN_NON_LITERAL_NULL_CONVERSION = YES;
				CLANG_WARN_OBJC_IMPLICIT_RETAIN_SELF = YES;
				CLANG_WARN_OBJC_LITERAL_CONVERSION = YES;
				CLANG_WARN_OBJC_ROOT_CLASS = YES_ERROR;
				CLANG_WARN_QUOTED_INCLUDE_IN_FRAMEWORK_HEADER = YES;
				CLANG_WARN_RANGE_LOOP_ANALYSIS = YES;
				CLANG_WARN_STRICT_PROTOTYPES = YES;
				CLANG_WARN_SUSPICIOUS_MOVE = YES;
				CLANG_WARN_UNGUARDED_AVAILABILITY = YES_AGGRESSIVE;
				CLANG_WARN_UNREACHABLE_CODE = YES;
				CLANG_WARN__DUPLICATE_METHOD_MATCH = YES;
				COPY_PHASE_STRIP = NO;
				DEBUG_INFORMATION_FORMAT = dwarf;
				ENABLE_STRICT_OBJC_MSGSEND = YES;
				ENABLE_TESTABILITY = YES;
				GCC_C_LANGUAGE_STANDARD = gnu11;
				GCC_DYNAMIC_NO_PIC = NO;
				GCC_NO_COMMON_BLOCKS = YES;
				GCC_OPTIMIZATION_LEVEL = 0;
				GCC_PREPROCESSOR_DEFINITIONS = (
					"DEBUG=1",
					"$(inherited)",
				);
				GCC_WARN_64_TO_32_BIT_CONVERSION = YES;
				GCC_WARN_ABOUT_RETURN_TYPE = YES_ERROR;
				GCC_WARN_UNDECLARED_SELECTOR = YES;
				GCC_WARN_UNINITIALIZED_AUTOS = YES_AGGRESSIVE;
				GCC_WARN_UNUSED_FUNCTION = YES;
				GCC_WARN_UNUSED_VARIABLE = YES;
				IPHONEOS_DEPLOYMENT_TARGET = 15.5;
				MTL_ENABLE_DEBUG_INFO = INCLUDE_SOURCE;
				MTL_FAST_MATH = YES;
				ONLY_ACTIVE_ARCH = YES;
				SDKROOT = iphoneos;
				SWIFT_ACTIVE_COMPILATION_CONDITIONS = DEBUG;
				SWIFT_OPTIMIZATION_LEVEL = "-Onone";
			};
			name = Debug;
		};
		3DF91CC7286B4A1B0048C9F4 /* Release */ = {
			isa = XCBuildConfiguration;
			buildSettings = {
				ALWAYS_SEARCH_USER_PATHS = NO;
				CLANG_ANALYZER_NONNULL = YES;
				CLANG_ANALYZER_NUMBER_OBJECT_CONVERSION = YES_AGGRESSIVE;
				CLANG_CXX_LANGUAGE_STANDARD = "gnu++17";
				CLANG_ENABLE_MODULES = YES;
				CLANG_ENABLE_OBJC_ARC = YES;
				CLANG_ENABLE_OBJC_WEAK = YES;
				CLANG_WARN_BLOCK_CAPTURE_AUTORELEASING = YES;
				CLANG_WARN_BOOL_CONVERSION = YES;
				CLANG_WARN_COMMA = YES;
				CLANG_WARN_CONSTANT_CONVERSION = YES;
				CLANG_WARN_DEPRECATED_OBJC_IMPLEMENTATIONS = YES;
				CLANG_WARN_DIRECT_OBJC_ISA_USAGE = YES_ERROR;
				CLANG_WARN_DOCUMENTATION_COMMENTS = YES;
				CLANG_WARN_EMPTY_BODY = YES;
				CLANG_WARN_ENUM_CONVERSION = YES;
				CLANG_WARN_INFINITE_RECURSION = YES;
				CLANG_WARN_INT_CONVERSION = YES;
				CLANG_WARN_NON_LITERAL_NULL_CONVERSION = YES;
				CLANG_WARN_OBJC_IMPLICIT_RETAIN_SELF = YES;
				CLANG_WARN_OBJC_LITERAL_CONVERSION = YES;
				CLANG_WARN_OBJC_ROOT_CLASS = YES_ERROR;
				CLANG_WARN_QUOTED_INCLUDE_IN_FRAMEWORK_HEADER = YES;
				CLANG_WARN_RANGE_LOOP_ANALYSIS = YES;
				CLANG_WARN_STRICT_PROTOTYPES = YES;
				CLANG_WARN_SUSPICIOUS_MOVE = YES;
				CLANG_WARN_UNGUARDED_AVAILABILITY = YES_AGGRESSIVE;
				CLANG_WARN_UNREACHABLE_CODE = YES;
				CLANG_WARN__DUPLICATE_METHOD_MATCH = YES;
				COPY_PHASE_STRIP = NO;
				DEBUG_INFORMATION_FORMAT = "dwarf-with-dsym";
				ENABLE_NS_ASSERTIONS = NO;
				ENABLE_STRICT_OBJC_MSGSEND = YES;
				GCC_C_LANGUAGE_STANDARD = gnu11;
				GCC_NO_COMMON_BLOCKS = YES;
				GCC_WARN_64_TO_32_BIT_CONVERSION = YES;
				GCC_WARN_ABOUT_RETURN_TYPE = YES_ERROR;
				GCC_WARN_UNDECLARED_SELECTOR = YES;
				GCC_WARN_UNINITIALIZED_AUTOS = YES_AGGRESSIVE;
				GCC_WARN_UNUSED_FUNCTION = YES;
				GCC_WARN_UNUSED_VARIABLE = YES;
				IPHONEOS_DEPLOYMENT_TARGET = 15.5;
				MTL_ENABLE_DEBUG_INFO = NO;
				MTL_FAST_MATH = YES;
				SDKROOT = iphoneos;
				SWIFT_COMPILATION_MODE = wholemodule;
				SWIFT_OPTIMIZATION_LEVEL = "-O";
				VALIDATE_PRODUCT = YES;
			};
			name = Release;
		};
		3DF91CC9286B4A1B0048C9F4 /* Debug */ = {
			isa = XCBuildConfiguration;
			buildSettings = {
				ASSETCATALOG_COMPILER_APPICON_NAME = AppIcon;
				ASSETCATALOG_COMPILER_GLOBAL_ACCENT_COLOR_NAME = AccentColor;
				CODE_SIGN_STYLE = Automatic;
				CURRENT_PROJECT_VERSION = 1;
				DEVELOPMENT_TEAM = YV38A9PA8H;
				GENERATE_INFOPLIST_FILE = YES;
				INFOPLIST_FILE = 5_LibraryPractice/Info.plist;
				INFOPLIST_KEY_UIApplicationSupportsIndirectInputEvents = YES;
				INFOPLIST_KEY_UILaunchStoryboardName = LaunchScreen;
				INFOPLIST_KEY_UIMainStoryboardFile = Main;
				INFOPLIST_KEY_UISupportedInterfaceOrientations_iPad = "UIInterfaceOrientationPortrait UIInterfaceOrientationPortraitUpsideDown UIInterfaceOrientationLandscapeLeft UIInterfaceOrientationLandscapeRight";
				INFOPLIST_KEY_UISupportedInterfaceOrientations_iPhone = "UIInterfaceOrientationPortrait UIInterfaceOrientationLandscapeLeft UIInterfaceOrientationLandscapeRight";
				LD_RUNPATH_SEARCH_PATHS = (
					"$(inherited)",
					"@executable_path/Frameworks",
				);
				MARKETING_VERSION = 1.0;
				PRODUCT_BUNDLE_IDENTIFIER = "com.kang.--LibraryPractice";
				PRODUCT_NAME = "$(TARGET_NAME)";
				SWIFT_EMIT_LOC_STRINGS = YES;
				SWIFT_VERSION = 5.0;
				TARGETED_DEVICE_FAMILY = "1,2";
			};
			name = Debug;
		};
		3DF91CCA286B4A1B0048C9F4 /* Release */ = {
			isa = XCBuildConfiguration;
			buildSettings = {
				ASSETCATALOG_COMPILER_APPICON_NAME = AppIcon;
				ASSETCATALOG_COMPILER_GLOBAL_ACCENT_COLOR_NAME = AccentColor;
				CODE_SIGN_STYLE = Automatic;
				CURRENT_PROJECT_VERSION = 1;
				DEVELOPMENT_TEAM = YV38A9PA8H;
				GENERATE_INFOPLIST_FILE = YES;
				INFOPLIST_FILE = 5_LibraryPractice/Info.plist;
				INFOPLIST_KEY_UIApplicationSupportsIndirectInputEvents = YES;
				INFOPLIST_KEY_UILaunchStoryboardName = LaunchScreen;
				INFOPLIST_KEY_UIMainStoryboardFile = Main;
				INFOPLIST_KEY_UISupportedInterfaceOrientations_iPad = "UIInterfaceOrientationPortrait UIInterfaceOrientationPortraitUpsideDown UIInterfaceOrientationLandscapeLeft UIInterfaceOrientationLandscapeRight";
				INFOPLIST_KEY_UISupportedInterfaceOrientations_iPhone = "UIInterfaceOrientationPortrait UIInterfaceOrientationLandscapeLeft UIInterfaceOrientationLandscapeRight";
				LD_RUNPATH_SEARCH_PATHS = (
					"$(inherited)",
					"@executable_path/Frameworks",
				);
				MARKETING_VERSION = 1.0;
				PRODUCT_BUNDLE_IDENTIFIER = "com.kang.--LibraryPractice";
				PRODUCT_NAME = "$(TARGET_NAME)";
				SWIFT_EMIT_LOC_STRINGS = YES;
				SWIFT_VERSION = 5.0;
				TARGETED_DEVICE_FAMILY = "1,2";
			};
			name = Release;
		};
		3DF91CCC286B4A1B0048C9F4 /* Debug */ = {
			isa = XCBuildConfiguration;
			buildSettings = {
				ALWAYS_EMBED_SWIFT_STANDARD_LIBRARIES = YES;
				BUNDLE_LOADER = "$(TEST_HOST)";
				CODE_SIGN_STYLE = Automatic;
				CURRENT_PROJECT_VERSION = 1;
				DEVELOPMENT_TEAM = YV38A9PA8H;
				GENERATE_INFOPLIST_FILE = YES;
				IPHONEOS_DEPLOYMENT_TARGET = 15.5;
				MARKETING_VERSION = 1.0;
				PRODUCT_BUNDLE_IDENTIFIER = "com.kang.--LibraryPracticeTests";
				PRODUCT_NAME = "$(TARGET_NAME)";
				SWIFT_EMIT_LOC_STRINGS = NO;
				SWIFT_VERSION = 5.0;
				TARGETED_DEVICE_FAMILY = "1,2";
				TEST_HOST = "$(BUILT_PRODUCTS_DIR)/5_LibraryPractice.app/5_LibraryPractice";
			};
			name = Debug;
		};
		3DF91CCD286B4A1B0048C9F4 /* Release */ = {
			isa = XCBuildConfiguration;
			buildSettings = {
				ALWAYS_EMBED_SWIFT_STANDARD_LIBRARIES = YES;
				BUNDLE_LOADER = "$(TEST_HOST)";
				CODE_SIGN_STYLE = Automatic;
				CURRENT_PROJECT_VERSION = 1;
				DEVELOPMENT_TEAM = YV38A9PA8H;
				GENERATE_INFOPLIST_FILE = YES;
				IPHONEOS_DEPLOYMENT_TARGET = 15.5;
				MARKETING_VERSION = 1.0;
				PRODUCT_BUNDLE_IDENTIFIER = "com.kang.--LibraryPracticeTests";
				PRODUCT_NAME = "$(TARGET_NAME)";
				SWIFT_EMIT_LOC_STRINGS = NO;
				SWIFT_VERSION = 5.0;
				TARGETED_DEVICE_FAMILY = "1,2";
				TEST_HOST = "$(BUILT_PRODUCTS_DIR)/5_LibraryPractice.app/5_LibraryPractice";
			};
			name = Release;
		};
		3DF91CCF286B4A1B0048C9F4 /* Debug */ = {
			isa = XCBuildConfiguration;
			buildSettings = {
				ALWAYS_EMBED_SWIFT_STANDARD_LIBRARIES = YES;
				CODE_SIGN_STYLE = Automatic;
				CURRENT_PROJECT_VERSION = 1;
				DEVELOPMENT_TEAM = YV38A9PA8H;
				GENERATE_INFOPLIST_FILE = YES;
				MARKETING_VERSION = 1.0;
				PRODUCT_BUNDLE_IDENTIFIER = "com.kang.--LibraryPracticeUITests";
				PRODUCT_NAME = "$(TARGET_NAME)";
				SWIFT_EMIT_LOC_STRINGS = NO;
				SWIFT_VERSION = 5.0;
				TARGETED_DEVICE_FAMILY = "1,2";
				TEST_TARGET_NAME = 5_LibraryPractice;
			};
			name = Debug;
		};
		3DF91CD0286B4A1B0048C9F4 /* Release */ = {
			isa = XCBuildConfiguration;
			buildSettings = {
				ALWAYS_EMBED_SWIFT_STANDARD_LIBRARIES = YES;
				CODE_SIGN_STYLE = Automatic;
				CURRENT_PROJECT_VERSION = 1;
				DEVELOPMENT_TEAM = YV38A9PA8H;
				GENERATE_INFOPLIST_FILE = YES;
				MARKETING_VERSION = 1.0;
				PRODUCT_BUNDLE_IDENTIFIER = "com.kang.--LibraryPracticeUITests";
				PRODUCT_NAME = "$(TARGET_NAME)";
				SWIFT_EMIT_LOC_STRINGS = NO;
				SWIFT_VERSION = 5.0;
				TARGETED_DEVICE_FAMILY = "1,2";
				TEST_TARGET_NAME = 5_LibraryPractice;
			};
			name = Release;
		};
/* End XCBuildConfiguration section */

/* Begin XCConfigurationList section */
		3DF91C99286B4A170048C9F4 /* Build configuration list for PBXProject "5_LibraryPractice" */ = {
			isa = XCConfigurationList;
			buildConfigurations = (
				3DF91CC6286B4A1B0048C9F4 /* Debug */,
				3DF91CC7286B4A1B0048C9F4 /* Release */,
			);
			defaultConfigurationIsVisible = 0;
			defaultConfigurationName = Release;
		};
		3DF91CC8286B4A1B0048C9F4 /* Build configuration list for PBXNativeTarget "5_LibraryPractice" */ = {
			isa = XCConfigurationList;
			buildConfigurations = (
				3DF91CC9286B4A1B0048C9F4 /* Debug */,
				3DF91CCA286B4A1B0048C9F4 /* Release */,
			);
			defaultConfigurationIsVisible = 0;
			defaultConfigurationName = Release;
		};
		3DF91CCB286B4A1B0048C9F4 /* Build configuration list for PBXNativeTarget "5_LibraryPracticeTests" */ = {
			isa = XCConfigurationList;
			buildConfigurations = (
				3DF91CCC286B4A1B0048C9F4 /* Debug */,
				3DF91CCD286B4A1B0048C9F4 /* Release */,
			);
			defaultConfigurationIsVisible = 0;
			defaultConfigurationName = Release;
		};
		3DF91CCE286B4A1B0048C9F4 /* Build configuration list for PBXNativeTarget "5_LibraryPracticeUITests" */ = {
			isa = XCConfigurationList;
			buildConfigurations = (
				3DF91CCF286B4A1B0048C9F4 /* Debug */,
				3DF91CD0286B4A1B0048C9F4 /* Release */,
			);
			defaultConfigurationIsVisible = 0;
			defaultConfigurationName = Release;
		};
/* End XCConfigurationList section */
	};
	rootObject = 3DF91C96286B4A170048C9F4 /* Project object */;
}
