// !$*UTF8*$!
{
	archiveVersion = 1;
	classes = {
	};
	objectVersion = 55;
	objects = {

/* Begin PBXBuildFile section */
		3DE82BAA284549450029D1C5 /* AppDelegate.swift in Sources */ = {isa = PBXBuildFile; fileRef = 3DE82BA9284549450029D1C5 /* AppDelegate.swift */; };
		3DE82BAC284549450029D1C5 /* SceneDelegate.swift in Sources */ = {isa = PBXBuildFile; fileRef = 3DE82BAB284549450029D1C5 /* SceneDelegate.swift */; };
		3DE82BAE284549450029D1C5 /* ViewController.swift in Sources */ = {isa = PBXBuildFile; fileRef = 3DE82BAD284549450029D1C5 /* ViewController.swift */; };
		3DE82BB1284549450029D1C5 /* Main.storyboard in Resources */ = {isa = PBXBuildFile; fileRef = 3DE82BAF284549450029D1C5 /* Main.storyboard */; };
		3DE82BB3284549470029D1C5 /* Assets.xcassets in Resources */ = {isa = PBXBuildFile; fileRef = 3DE82BB2284549470029D1C5 /* Assets.xcassets */; };
		3DE82BB6284549470029D1C5 /* LaunchScreen.storyboard in Resources */ = {isa = PBXBuildFile; fileRef = 3DE82BB4284549470029D1C5 /* LaunchScreen.storyboard */; };
		3DE82BC1284549470029D1C5 /* __CloneScreenTests.swift in Sources */ = {isa = PBXBuildFile; fileRef = 3DE82BC0284549470029D1C5 /* __CloneScreenTests.swift */; };
		3DE82BCB284549480029D1C5 /* __CloneScreenUITests.swift in Sources */ = {isa = PBXBuildFile; fileRef = 3DE82BCA284549480029D1C5 /* __CloneScreenUITests.swift */; };
		3DE82BCD284549480029D1C5 /* __CloneScreenUITestsLaunchTests.swift in Sources */ = {isa = PBXBuildFile; fileRef = 3DE82BCC284549480029D1C5 /* __CloneScreenUITestsLaunchTests.swift */; };
/* End PBXBuildFile section */

/* Begin PBXContainerItemProxy section */
		3DE82BBD284549470029D1C5 /* PBXContainerItemProxy */ = {
			isa = PBXContainerItemProxy;
			containerPortal = 3DE82B9E284549450029D1C5 /* Project object */;
			proxyType = 1;
			remoteGlobalIDString = 3DE82BA5284549450029D1C5;
			remoteInfo = 1_CloneScreen;
		};
		3DE82BC7284549470029D1C5 /* PBXContainerItemProxy */ = {
			isa = PBXContainerItemProxy;
			containerPortal = 3DE82B9E284549450029D1C5 /* Project object */;
			proxyType = 1;
			remoteGlobalIDString = 3DE82BA5284549450029D1C5;
			remoteInfo = 1_CloneScreen;
		};
/* End PBXContainerItemProxy section */

/* Begin PBXFileReference section */
		3DE82BA6284549450029D1C5 /* 1_CloneScreen.app */ = {isa = PBXFileReference; explicitFileType = wrapper.application; includeInIndex = 0; path = 1_CloneScreen.app; sourceTree = BUILT_PRODUCTS_DIR; };
		3DE82BA9284549450029D1C5 /* AppDelegate.swift */ = {isa = PBXFileReference; lastKnownFileType = sourcecode.swift; path = AppDelegate.swift; sourceTree = "<group>"; };
		3DE82BAB284549450029D1C5 /* SceneDelegate.swift */ = {isa = PBXFileReference; lastKnownFileType = sourcecode.swift; path = SceneDelegate.swift; sourceTree = "<group>"; };
		3DE82BAD284549450029D1C5 /* ViewController.swift */ = {isa = PBXFileReference; lastKnownFileType = sourcecode.swift; path = ViewController.swift; sourceTree = "<group>"; };
		3DE82BB0284549450029D1C5 /* Base */ = {isa = PBXFileReference; lastKnownFileType = file.storyboard; name = Base; path = Base.lproj/Main.storyboard; sourceTree = "<group>"; };
		3DE82BB2284549470029D1C5 /* Assets.xcassets */ = {isa = PBXFileReference; lastKnownFileType = folder.assetcatalog; path = Assets.xcassets; sourceTree = "<group>"; };
		3DE82BB5284549470029D1C5 /* Base */ = {isa = PBXFileReference; lastKnownFileType = file.storyboard; name = Base; path = Base.lproj/LaunchScreen.storyboard; sourceTree = "<group>"; };
		3DE82BB7284549470029D1C5 /* Info.plist */ = {isa = PBXFileReference; lastKnownFileType = text.plist.xml; path = Info.plist; sourceTree = "<group>"; };
		3DE82BBC284549470029D1C5 /* 1_CloneScreenTests.xctest */ = {isa = PBXFileReference; explicitFileType = wrapper.cfbundle; includeInIndex = 0; path = 1_CloneScreenTests.xctest; sourceTree = BUILT_PRODUCTS_DIR; };
		3DE82BC0284549470029D1C5 /* __CloneScreenTests.swift */ = {isa = PBXFileReference; lastKnownFileType = sourcecode.swift; path = __CloneScreenTests.swift; sourceTree = "<group>"; };
		3DE82BC6284549470029D1C5 /* 1_CloneScreenUITests.xctest */ = {isa = PBXFileReference; explicitFileType = wrapper.cfbundle; includeInIndex = 0; path = 1_CloneScreenUITests.xctest; sourceTree = BUILT_PRODUCTS_DIR; };
		3DE82BCA284549480029D1C5 /* __CloneScreenUITests.swift */ = {isa = PBXFileReference; lastKnownFileType = sourcecode.swift; path = __CloneScreenUITests.swift; sourceTree = "<group>"; };
		3DE82BCC284549480029D1C5 /* __CloneScreenUITestsLaunchTests.swift */ = {isa = PBXFileReference; lastKnownFileType = sourcecode.swift; path = __CloneScreenUITestsLaunchTests.swift; sourceTree = "<group>"; };
/* End PBXFileReference section */

/* Begin PBXFrameworksBuildPhase section */
		3DE82BA3284549450029D1C5 /* Frameworks */ = {
			isa = PBXFrameworksBuildPhase;
			buildActionMask = 2147483647;
			files = (
			);
			runOnlyForDeploymentPostprocessing = 0;
		};
		3DE82BB9284549470029D1C5 /* Frameworks */ = {
			isa = PBXFrameworksBuildPhase;
			buildActionMask = 2147483647;
			files = (
			);
			runOnlyForDeploymentPostprocessing = 0;
		};
		3DE82BC3284549470029D1C5 /* Frameworks */ = {
			isa = PBXFrameworksBuildPhase;
			buildActionMask = 2147483647;
			files = (
			);
			runOnlyForDeploymentPostprocessing = 0;
		};
/* End PBXFrameworksBuildPhase section */

/* Begin PBXGroup section */
		3DE82B9D284549450029D1C5 = {
			isa = PBXGroup;
			children = (
				3DE82BA8284549450029D1C5 /* 1_CloneScreen */,
				3DE82BBF284549470029D1C5 /* 1_CloneScreenTests */,
				3DE82BC9284549470029D1C5 /* 1_CloneScreenUITests */,
				3DE82BA7284549450029D1C5 /* Products */,
			);
			sourceTree = "<group>";
		};
		3DE82BA7284549450029D1C5 /* Products */ = {
			isa = PBXGroup;
			children = (
				3DE82BA6284549450029D1C5 /* 1_CloneScreen.app */,
				3DE82BBC284549470029D1C5 /* 1_CloneScreenTests.xctest */,
				3DE82BC6284549470029D1C5 /* 1_CloneScreenUITests.xctest */,
			);
			name = Products;
			sourceTree = "<group>";
		};
		3DE82BA8284549450029D1C5 /* 1_CloneScreen */ = {
			isa = PBXGroup;
			children = (
				3DE82BA9284549450029D1C5 /* AppDelegate.swift */,
				3DE82BAB284549450029D1C5 /* SceneDelegate.swift */,
				3DE82BAD284549450029D1C5 /* ViewController.swift */,
				3DE82BAF284549450029D1C5 /* Main.storyboard */,
				3DE82BB2284549470029D1C5 /* Assets.xcassets */,
				3DE82BB4284549470029D1C5 /* LaunchScreen.storyboard */,
				3DE82BB7284549470029D1C5 /* Info.plist */,
			);
			path = 1_CloneScreen;
			sourceTree = "<group>";
		};
		3DE82BBF284549470029D1C5 /* 1_CloneScreenTests */ = {
			isa = PBXGroup;
			children = (
				3DE82BC0284549470029D1C5 /* __CloneScreenTests.swift */,
			);
			path = 1_CloneScreenTests;
			sourceTree = "<group>";
		};
		3DE82BC9284549470029D1C5 /* 1_CloneScreenUITests */ = {
			isa = PBXGroup;
			children = (
				3DE82BCA284549480029D1C5 /* __CloneScreenUITests.swift */,
				3DE82BCC284549480029D1C5 /* __CloneScreenUITestsLaunchTests.swift */,
			);
			path = 1_CloneScreenUITests;
			sourceTree = "<group>";
		};
/* End PBXGroup section */

/* Begin PBXNativeTarget section */
		3DE82BA5284549450029D1C5 /* 1_CloneScreen */ = {
			isa = PBXNativeTarget;
			buildConfigurationList = 3DE82BD0284549480029D1C5 /* Build configuration list for PBXNativeTarget "1_CloneScreen" */;
			buildPhases = (
				3DE82BA2284549450029D1C5 /* Sources */,
				3DE82BA3284549450029D1C5 /* Frameworks */,
				3DE82BA4284549450029D1C5 /* Resources */,
			);
			buildRules = (
			);
			dependencies = (
			);
			name = 1_CloneScreen;
			productName = 1_CloneScreen;
			productReference = 3DE82BA6284549450029D1C5 /* 1_CloneScreen.app */;
			productType = "com.apple.product-type.application";
		};
		3DE82BBB284549470029D1C5 /* 1_CloneScreenTests */ = {
			isa = PBXNativeTarget;
			buildConfigurationList = 3DE82BD3284549480029D1C5 /* Build configuration list for PBXNativeTarget "1_CloneScreenTests" */;
			buildPhases = (
				3DE82BB8284549470029D1C5 /* Sources */,
				3DE82BB9284549470029D1C5 /* Frameworks */,
				3DE82BBA284549470029D1C5 /* Resources */,
			);
			buildRules = (
			);
			dependencies = (
				3DE82BBE284549470029D1C5 /* PBXTargetDependency */,
			);
			name = 1_CloneScreenTests;
			productName = 1_CloneScreenTests;
			productReference = 3DE82BBC284549470029D1C5 /* 1_CloneScreenTests.xctest */;
			productType = "com.apple.product-type.bundle.unit-test";
		};
		3DE82BC5284549470029D1C5 /* 1_CloneScreenUITests */ = {
			isa = PBXNativeTarget;
			buildConfigurationList = 3DE82BD6284549480029D1C5 /* Build configuration list for PBXNativeTarget "1_CloneScreenUITests" */;
			buildPhases = (
				3DE82BC2284549470029D1C5 /* Sources */,
				3DE82BC3284549470029D1C5 /* Frameworks */,
				3DE82BC4284549470029D1C5 /* Resources */,
			);
			buildRules = (
			);
			dependencies = (
				3DE82BC8284549470029D1C5 /* PBXTargetDependency */,
			);
			name = 1_CloneScreenUITests;
			productName = 1_CloneScreenUITests;
			productReference = 3DE82BC6284549470029D1C5 /* 1_CloneScreenUITests.xctest */;
			productType = "com.apple.product-type.bundle.ui-testing";
		};
/* End PBXNativeTarget section */

/* Begin PBXProject section */
		3DE82B9E284549450029D1C5 /* Project object */ = {
			isa = PBXProject;
			attributes = {
				BuildIndependentTargetsInParallel = 1;
				LastSwiftUpdateCheck = 1340;
				LastUpgradeCheck = 1340;
				TargetAttributes = {
					3DE82BA5284549450029D1C5 = {
						CreatedOnToolsVersion = 13.4;
					};
					3DE82BBB284549470029D1C5 = {
						CreatedOnToolsVersion = 13.4;
						TestTargetID = 3DE82BA5284549450029D1C5;
					};
					3DE82BC5284549470029D1C5 = {
						CreatedOnToolsVersion = 13.4;
						TestTargetID = 3DE82BA5284549450029D1C5;
					};
				};
			};
			buildConfigurationList = 3DE82BA1284549450029D1C5 /* Build configuration list for PBXProject "1_CloneScreen" */;
			compatibilityVersion = "Xcode 13.0";
			developmentRegion = en;
			hasScannedForEncodings = 0;
			knownRegions = (
				en,
				Base,
			);
			mainGroup = 3DE82B9D284549450029D1C5;
			productRefGroup = 3DE82BA7284549450029D1C5 /* Products */;
			projectDirPath = "";
			projectRoot = "";
			targets = (
				3DE82BA5284549450029D1C5 /* 1_CloneScreen */,
				3DE82BBB284549470029D1C5 /* 1_CloneScreenTests */,
				3DE82BC5284549470029D1C5 /* 1_CloneScreenUITests */,
			);
		};
/* End PBXProject section */

/* Begin PBXResourcesBuildPhase section */
		3DE82BA4284549450029D1C5 /* Resources */ = {
			isa = PBXResourcesBuildPhase;
			buildActionMask = 2147483647;
			files = (
				3DE82BB6284549470029D1C5 /* LaunchScreen.storyboard in Resources */,
				3DE82BB3284549470029D1C5 /* Assets.xcassets in Resources */,
				3DE82BB1284549450029D1C5 /* Main.storyboard in Resources */,
			);
			runOnlyForDeploymentPostprocessing = 0;
		};
		3DE82BBA284549470029D1C5 /* Resources */ = {
			isa = PBXResourcesBuildPhase;
			buildActionMask = 2147483647;
			files = (
			);
			runOnlyForDeploymentPostprocessing = 0;
		};
		3DE82BC4284549470029D1C5 /* Resources */ = {
			isa = PBXResourcesBuildPhase;
			buildActionMask = 2147483647;
			files = (
			);
			runOnlyForDeploymentPostprocessing = 0;
		};
/* End PBXResourcesBuildPhase section */

/* Begin PBXSourcesBuildPhase section */
		3DE82BA2284549450029D1C5 /* Sources */ = {
			isa = PBXSourcesBuildPhase;
			buildActionMask = 2147483647;
			files = (
				3DE82BAE284549450029D1C5 /* ViewController.swift in Sources */,
				3DE82BAA284549450029D1C5 /* AppDelegate.swift in Sources */,
				3DE82BAC284549450029D1C5 /* SceneDelegate.swift in Sources */,
			);
			runOnlyForDeploymentPostprocessing = 0;
		};
		3DE82BB8284549470029D1C5 /* Sources */ = {
			isa = PBXSourcesBuildPhase;
			buildActionMask = 2147483647;
			files = (
				3DE82BC1284549470029D1C5 /* __CloneScreenTests.swift in Sources */,
			);
			runOnlyForDeploymentPostprocessing = 0;
		};
		3DE82BC2284549470029D1C5 /* Sources */ = {
			isa = PBXSourcesBuildPhase;
			buildActionMask = 2147483647;
			files = (
				3DE82BCD284549480029D1C5 /* __CloneScreenUITestsLaunchTests.swift in Sources */,
				3DE82BCB284549480029D1C5 /* __CloneScreenUITests.swift in Sources */,
			);
			runOnlyForDeploymentPostprocessing = 0;
		};
/* End PBXSourcesBuildPhase section */

/* Begin PBXTargetDependency section */
		3DE82BBE284549470029D1C5 /* PBXTargetDependency */ = {
			isa = PBXTargetDependency;
			target = 3DE82BA5284549450029D1C5 /* 1_CloneScreen */;
			targetProxy = 3DE82BBD284549470029D1C5 /* PBXContainerItemProxy */;
		};
		3DE82BC8284549470029D1C5 /* PBXTargetDependency */ = {
			isa = PBXTargetDependency;
			target = 3DE82BA5284549450029D1C5 /* 1_CloneScreen */;
			targetProxy = 3DE82BC7284549470029D1C5 /* PBXContainerItemProxy */;
		};
/* End PBXTargetDependency section */

/* Begin PBXVariantGroup section */
		3DE82BAF284549450029D1C5 /* Main.storyboard */ = {
			isa = PBXVariantGroup;
			children = (
				3DE82BB0284549450029D1C5 /* Base */,
			);
			name = Main.storyboard;
			sourceTree = "<group>";
		};
		3DE82BB4284549470029D1C5 /* LaunchScreen.storyboard */ = {
			isa = PBXVariantGroup;
			children = (
				3DE82BB5284549470029D1C5 /* Base */,
			);
			name = LaunchScreen.storyboard;
			sourceTree = "<group>";
		};
/* End PBXVariantGroup section */

/* Begin XCBuildConfiguration section */
		3DE82BCE284549480029D1C5 /* Debug */ = {
			isa = XCBuildConfiguration;
			buildSettings = {
				ALWAYS_SEARCH_USER_PATHS = NO;
				CLANG_ANALYZER_NONNULL = YES;
				CLANG_ANALYZER_NUMBER_OBJECT_CONVERSION = YES_AGGRESSIVE;
				CLANG_CXX_LANGUAGE_STANDARD = "gnu++17";
				CLANG_ENABLE_MODULES = YES;
				CLANG_ENABLE_OBJC_ARC = YES;
				CLANG_ENABLE_OBJC_WEAK = YES;
				CLANG_WARN_BLOCK_CAPTURE_AUTORELEASING = YES;
				CLANG_WARN_BOOL_CONVERSION = YES;
				CLANG_WARN_COMMA = YES;
				CLANG_WARN_CONSTANT_CONVERSION = YES;
				CLANG_WARN_DEPRECATED_OBJC_IMPLEMENTATIONS = YES;
				CLANG_WARN_DIRECT_OBJC_ISA_USAGE = YES_ERROR;
				CLANG_WARN_DOCUMENTATION_COMMENTS = YES;
				CLANG_WARN_EMPTY_BODY = YES;
				CLANG_WARN_ENUM_CONVERSION = YES;
				CLANG_WARN_INFINITE_RECURSION = YES;
				CLANG_WARN_INT_CONVERSION = YES;
				CLANG_WARN_NON_LITERAL_NULL_CONVERSION = YES;
				CLANG_WARN_OBJC_IMPLICIT_RETAIN_SELF = YES;
				CLANG_WARN_OBJC_LITERAL_CONVERSION = YES;
				CLANG_WARN_OBJC_ROOT_CLASS = YES_ERROR;
				CLANG_WARN_QUOTED_INCLUDE_IN_FRAMEWORK_HEADER = YES;
				CLANG_WARN_RANGE_LOOP_ANALYSIS = YES;
				CLANG_WARN_STRICT_PROTOTYPES = YES;
				CLANG_WARN_SUSPICIOUS_MOVE = YES;
				CLANG_WARN_UNGUARDED_AVAILABILITY = YES_AGGRESSIVE;
				CLANG_WARN_UNREACHABLE_CODE = YES;
				CLANG_WARN__DUPLICATE_METHOD_MATCH = YES;
				COPY_PHASE_STRIP = NO;
				DEBUG_INFORMATION_FORMAT = dwarf;
				ENABLE_STRICT_OBJC_MSGSEND = YES;
				ENABLE_TESTABILITY = YES;
				GCC_C_LANGUAGE_STANDARD = gnu11;
				GCC_DYNAMIC_NO_PIC = NO;
				GCC_NO_COMMON_BLOCKS = YES;
				GCC_OPTIMIZATION_LEVEL = 0;
				GCC_PREPROCESSOR_DEFINITIONS = (
					"DEBUG=1",
					"$(inherited)",
				);
				GCC_WARN_64_TO_32_BIT_CONVERSION = YES;
				GCC_WARN_ABOUT_RETURN_TYPE = YES_ERROR;
				GCC_WARN_UNDECLARED_SELECTOR = YES;
				GCC_WARN_UNINITIALIZED_AUTOS = YES_AGGRESSIVE;
				GCC_WARN_UNUSED_FUNCTION = YES;
				GCC_WARN_UNUSED_VARIABLE = YES;
				IPHONEOS_DEPLOYMENT_TARGET = 15.5;
				MTL_ENABLE_DEBUG_INFO = INCLUDE_SOURCE;
				MTL_FAST_MATH = YES;
				ONLY_ACTIVE_ARCH = YES;
				SDKROOT = iphoneos;
				SWIFT_ACTIVE_COMPILATION_CONDITIONS = DEBUG;
				SWIFT_OPTIMIZATION_LEVEL = "-Onone";
			};
			name = Debug;
		};
		3DE82BCF284549480029D1C5 /* Release */ = {
			isa = XCBuildConfiguration;
			buildSettings = {
				ALWAYS_SEARCH_USER_PATHS = NO;
				CLANG_ANALYZER_NONNULL = YES;
				CLANG_ANALYZER_NUMBER_OBJECT_CONVERSION = YES_AGGRESSIVE;
				CLANG_CXX_LANGUAGE_STANDARD = "gnu++17";
				CLANG_ENABLE_MODULES = YES;
				CLANG_ENABLE_OBJC_ARC = YES;
				CLANG_ENABLE_OBJC_WEAK = YES;
				CLANG_WARN_BLOCK_CAPTURE_AUTORELEASING = YES;
				CLANG_WARN_BOOL_CONVERSION = YES;
				CLANG_WARN_COMMA = YES;
				CLANG_WARN_CONSTANT_CONVERSION = YES;
				CLANG_WARN_DEPRECATED_OBJC_IMPLEMENTATIONS = YES;
				CLANG_WARN_DIRECT_OBJC_ISA_USAGE = YES_ERROR;
				CLANG_WARN_DOCUMENTATION_COMMENTS = YES;
				CLANG_WARN_EMPTY_BODY = YES;
				CLANG_WARN_ENUM_CONVERSION = YES;
				CLANG_WARN_INFINITE_RECURSION = YES;
				CLANG_WARN_INT_CONVERSION = YES;
				CLANG_WARN_NON_LITERAL_NULL_CONVERSION = YES;
				CLANG_WARN_OBJC_IMPLICIT_RETAIN_SELF = YES;
				CLANG_WARN_OBJC_LITERAL_CONVERSION = YES;
				CLANG_WARN_OBJC_ROOT_CLASS = YES_ERROR;
				CLANG_WARN_QUOTED_INCLUDE_IN_FRAMEWORK_HEADER = YES;
				CLANG_WARN_RANGE_LOOP_ANALYSIS = YES;
				CLANG_WARN_STRICT_PROTOTYPES = YES;
				CLANG_WARN_SUSPICIOUS_MOVE = YES;
				CLANG_WARN_UNGUARDED_AVAILABILITY = YES_AGGRESSIVE;
				CLANG_WARN_UNREACHABLE_CODE = YES;
				CLANG_WARN__DUPLICATE_METHOD_MATCH = YES;
				COPY_PHASE_STRIP = NO;
				DEBUG_INFORMATION_FORMAT = "dwarf-with-dsym";
				ENABLE_NS_ASSERTIONS = NO;
				ENABLE_STRICT_OBJC_MSGSEND = YES;
				GCC_C_LANGUAGE_STANDARD = gnu11;
				GCC_NO_COMMON_BLOCKS = YES;
				GCC_WARN_64_TO_32_BIT_CONVERSION = YES;
				GCC_WARN_ABOUT_RETURN_TYPE = YES_ERROR;
				GCC_WARN_UNDECLARED_SELECTOR = YES;
				GCC_WARN_UNINITIALIZED_AUTOS = YES_AGGRESSIVE;
				GCC_WARN_UNUSED_FUNCTION = YES;
				GCC_WARN_UNUSED_VARIABLE = YES;
				IPHONEOS_DEPLOYMENT_TARGET = 15.5;
				MTL_ENABLE_DEBUG_INFO = NO;
				MTL_FAST_MATH = YES;
				SDKROOT = iphoneos;
				SWIFT_COMPILATION_MODE = wholemodule;
				SWIFT_OPTIMIZATION_LEVEL = "-O";
				VALIDATE_PRODUCT = YES;
			};
			name = Release;
		};
		3DE82BD1284549480029D1C5 /* Debug */ = {
			isa = XCBuildConfiguration;
			buildSettings = {
				ASSETCATALOG_COMPILER_APPICON_NAME = AppIcon;
				ASSETCATALOG_COMPILER_GLOBAL_ACCENT_COLOR_NAME = AccentColor;
				CODE_SIGN_STYLE = Automatic;
				CURRENT_PROJECT_VERSION = 1;
				DEVELOPMENT_TEAM = YV38A9PA8H;
				GENERATE_INFOPLIST_FILE = YES;
				INFOPLIST_FILE = 1_CloneScreen/Info.plist;
				INFOPLIST_KEY_UIApplicationSupportsIndirectInputEvents = YES;
				INFOPLIST_KEY_UILaunchStoryboardName = LaunchScreen;
				INFOPLIST_KEY_UIMainStoryboardFile = Main;
				INFOPLIST_KEY_UISupportedInterfaceOrientations_iPad = "UIInterfaceOrientationPortrait UIInterfaceOrientationPortraitUpsideDown UIInterfaceOrientationLandscapeLeft UIInterfaceOrientationLandscapeRight";
				INFOPLIST_KEY_UISupportedInterfaceOrientations_iPhone = "UIInterfaceOrientationPortrait UIInterfaceOrientationLandscapeLeft UIInterfaceOrientationLandscapeRight";
				LD_RUNPATH_SEARCH_PATHS = (
					"$(inherited)",
					"@executable_path/Frameworks",
				);
				MARKETING_VERSION = 1.0;
				PRODUCT_BUNDLE_IDENTIFIER = "com.kang.--CloneScreen";
				PRODUCT_NAME = "$(TARGET_NAME)";
				SWIFT_EMIT_LOC_STRINGS = YES;
				SWIFT_VERSION = 5.0;
				TARGETED_DEVICE_FAMILY = "1,2";
			};
			name = Debug;
		};
		3DE82BD2284549480029D1C5 /* Release */ = {
			isa = XCBuildConfiguration;
			buildSettings = {
				ASSETCATALOG_COMPILER_APPICON_NAME = AppIcon;
				ASSETCATALOG_COMPILER_GLOBAL_ACCENT_COLOR_NAME = AccentColor;
				CODE_SIGN_STYLE = Automatic;
				CURRENT_PROJECT_VERSION = 1;
				DEVELOPMENT_TEAM = YV38A9PA8H;
				GENERATE_INFOPLIST_FILE = YES;
				INFOPLIST_FILE = 1_CloneScreen/Info.plist;
				INFOPLIST_KEY_UIApplicationSupportsIndirectInputEvents = YES;
				INFOPLIST_KEY_UILaunchStoryboardName = LaunchScreen;
				INFOPLIST_KEY_UIMainStoryboardFile = Main;
				INFOPLIST_KEY_UISupportedInterfaceOrientations_iPad = "UIInterfaceOrientationPortrait UIInterfaceOrientationPortraitUpsideDown UIInterfaceOrientationLandscapeLeft UIInterfaceOrientationLandscapeRight";
				INFOPLIST_KEY_UISupportedInterfaceOrientations_iPhone = "UIInterfaceOrientationPortrait UIInterfaceOrientationLandscapeLeft UIInterfaceOrientationLandscapeRight";
				LD_RUNPATH_SEARCH_PATHS = (
					"$(inherited)",
					"@executable_path/Frameworks",
				);
				MARKETING_VERSION = 1.0;
				PRODUCT_BUNDLE_IDENTIFIER = "com.kang.--CloneScreen";
				PRODUCT_NAME = "$(TARGET_NAME)";
				SWIFT_EMIT_LOC_STRINGS = YES;
				SWIFT_VERSION = 5.0;
				TARGETED_DEVICE_FAMILY = "1,2";
			};
			name = Release;
		};
		3DE82BD4284549480029D1C5 /* Debug */ = {
			isa = XCBuildConfiguration;
			buildSettings = {
				ALWAYS_EMBED_SWIFT_STANDARD_LIBRARIES = YES;
				BUNDLE_LOADER = "$(TEST_HOST)";
				CODE_SIGN_STYLE = Automatic;
				CURRENT_PROJECT_VERSION = 1;
				DEVELOPMENT_TEAM = YV38A9PA8H;
				GENERATE_INFOPLIST_FILE = YES;
				IPHONEOS_DEPLOYMENT_TARGET = 15.5;
				MARKETING_VERSION = 1.0;
				PRODUCT_BUNDLE_IDENTIFIER = "com.kang.--CloneScreenTests";
				PRODUCT_NAME = "$(TARGET_NAME)";
				SWIFT_EMIT_LOC_STRINGS = NO;
				SWIFT_VERSION = 5.0;
				TARGETED_DEVICE_FAMILY = "1,2";
				TEST_HOST = "$(BUILT_PRODUCTS_DIR)/1_CloneScreen.app/1_CloneScreen";
			};
			name = Debug;
		};
		3DE82BD5284549480029D1C5 /* Release */ = {
			isa = XCBuildConfiguration;
			buildSettings = {
				ALWAYS_EMBED_SWIFT_STANDARD_LIBRARIES = YES;
				BUNDLE_LOADER = "$(TEST_HOST)";
				CODE_SIGN_STYLE = Automatic;
				CURRENT_PROJECT_VERSION = 1;
				DEVELOPMENT_TEAM = YV38A9PA8H;
				GENERATE_INFOPLIST_FILE = YES;
				IPHONEOS_DEPLOYMENT_TARGET = 15.5;
				MARKETING_VERSION = 1.0;
				PRODUCT_BUNDLE_IDENTIFIER = "com.kang.--CloneScreenTests";
				PRODUCT_NAME = "$(TARGET_NAME)";
				SWIFT_EMIT_LOC_STRINGS = NO;
				SWIFT_VERSION = 5.0;
				TARGETED_DEVICE_FAMILY = "1,2";
				TEST_HOST = "$(BUILT_PRODUCTS_DIR)/1_CloneScreen.app/1_CloneScreen";
			};
			name = Release;
		};
		3DE82BD7284549480029D1C5 /* Debug */ = {
			isa = XCBuildConfiguration;
			buildSettings = {
				ALWAYS_EMBED_SWIFT_STANDARD_LIBRARIES = YES;
				CODE_SIGN_STYLE = Automatic;
				CURRENT_PROJECT_VERSION = 1;
				DEVELOPMENT_TEAM = YV38A9PA8H;
				GENERATE_INFOPLIST_FILE = YES;
				MARKETING_VERSION = 1.0;
				PRODUCT_BUNDLE_IDENTIFIER = "com.kang.--CloneScreenUITests";
				PRODUCT_NAME = "$(TARGET_NAME)";
				SWIFT_EMIT_LOC_STRINGS = NO;
				SWIFT_VERSION = 5.0;
				TARGETED_DEVICE_FAMILY = "1,2";
				TEST_TARGET_NAME = 1_CloneScreen;
			};
			name = Debug;
		};
		3DE82BD8284549480029D1C5 /* Release */ = {
			isa = XCBuildConfiguration;
			buildSettings = {
				ALWAYS_EMBED_SWIFT_STANDARD_LIBRARIES = YES;
				CODE_SIGN_STYLE = Automatic;
				CURRENT_PROJECT_VERSION = 1;
				DEVELOPMENT_TEAM = YV38A9PA8H;
				GENERATE_INFOPLIST_FILE = YES;
				MARKETING_VERSION = 1.0;
				PRODUCT_BUNDLE_IDENTIFIER = "com.kang.--CloneScreenUITests";
				PRODUCT_NAME = "$(TARGET_NAME)";
				SWIFT_EMIT_LOC_STRINGS = NO;
				SWIFT_VERSION = 5.0;
				TARGETED_DEVICE_FAMILY = "1,2";
				TEST_TARGET_NAME = 1_CloneScreen;
			};
			name = Release;
		};
/* End XCBuildConfiguration section */

/* Begin XCConfigurationList section */
		3DE82BA1284549450029D1C5 /* Build configuration list for PBXProject "1_CloneScreen" */ = {
			isa = XCConfigurationList;
			buildConfigurations = (
				3DE82BCE284549480029D1C5 /* Debug */,
				3DE82BCF284549480029D1C5 /* Release */,
			);
			defaultConfigurationIsVisible = 0;
			defaultConfigurationName = Release;
		};
		3DE82BD0284549480029D1C5 /* Build configuration list for PBXNativeTarget "1_CloneScreen" */ = {
			isa = XCConfigurationList;
			buildConfigurations = (
				3DE82BD1284549480029D1C5 /* Debug */,
				3DE82BD2284549480029D1C5 /* Release */,
			);
			defaultConfigurationIsVisible = 0;
			defaultConfigurationName = Release;
		};
		3DE82BD3284549480029D1C5 /* Build configuration list for PBXNativeTarget "1_CloneScreenTests" */ = {
			isa = XCConfigurationList;
			buildConfigurations = (
				3DE82BD4284549480029D1C5 /* Debug */,
				3DE82BD5284549480029D1C5 /* Release */,
			);
			defaultConfigurationIsVisible = 0;
			defaultConfigurationName = Release;
		};
		3DE82BD6284549480029D1C5 /* Build configuration list for PBXNativeTarget "1_CloneScreenUITests" */ = {
			isa = XCConfigurationList;
			buildConfigurations = (
				3DE82BD7284549480029D1C5 /* Debug */,
				3DE82BD8284549480029D1C5 /* Release */,
			);
			defaultConfigurationIsVisible = 0;
			defaultConfigurationName = Release;
		};
/* End XCConfigurationList section */
	};
	rootObject = 3DE82B9E284549450029D1C5 /* Project object */;
}
