// !$*UTF8*$!
{
	archiveVersion = 1;
	classes = {
	};
	objectVersion = 55;
	objects = {

/* Begin PBXBuildFile section */
		3DDD8F572858D004000E1026 /* Memo.swift in Sources */ = {isa = PBXBuildFile; fileRef = 3DDD8F562858D004000E1026 /* Memo.swift */; };
		3DDD8F592858D155000E1026 /* FolderTableVC.swift in Sources */ = {isa = PBXBuildFile; fileRef = 3DDD8F582858D155000E1026 /* FolderTableVC.swift */; };
		3DF10F9A28577EF600F676BA /* AppDelegate.swift in Sources */ = {isa = PBXBuildFile; fileRef = 3DF10F9928577EF600F676BA /* AppDelegate.swift */; };
		3DF10F9C28577EF600F676BA /* SceneDelegate.swift in Sources */ = {isa = PBXBuildFile; fileRef = 3DF10F9B28577EF600F676BA /* SceneDelegate.swift */; };
		3DF10F9E28577EF600F676BA /* FolderManageVC.swift in Sources */ = {isa = PBXBuildFile; fileRef = 3DF10F9D28577EF600F676BA /* FolderManageVC.swift */; };
		3DF10FA128577EF600F676BA /* Main.storyboard in Resources */ = {isa = PBXBuildFile; fileRef = 3DF10F9F28577EF600F676BA /* Main.storyboard */; };
		3DF10FA328577EFA00F676BA /* Assets.xcassets in Resources */ = {isa = PBXBuildFile; fileRef = 3DF10FA228577EFA00F676BA /* Assets.xcassets */; };
		3DF10FA628577EFA00F676BA /* LaunchScreen.storyboard in Resources */ = {isa = PBXBuildFile; fileRef = 3DF10FA428577EFA00F676BA /* LaunchScreen.storyboard */; };
		3DF10FB128577EFA00F676BA /* __MemoTests.swift in Sources */ = {isa = PBXBuildFile; fileRef = 3DF10FB028577EFA00F676BA /* __MemoTests.swift */; };
		3DF10FBB28577EFA00F676BA /* __MemoUITests.swift in Sources */ = {isa = PBXBuildFile; fileRef = 3DF10FBA28577EFA00F676BA /* __MemoUITests.swift */; };
		3DF10FBD28577EFA00F676BA /* __MemoUITestsLaunchTests.swift in Sources */ = {isa = PBXBuildFile; fileRef = 3DF10FBC28577EFA00F676BA /* __MemoUITestsLaunchTests.swift */; };
		3DF10FCD2857825900F676BA /* MainVC.swift in Sources */ = {isa = PBXBuildFile; fileRef = 3DF10FCC2857825900F676BA /* MainVC.swift */; };
		3DF10FCF2857827C00F676BA /* InputVC.swift in Sources */ = {isa = PBXBuildFile; fileRef = 3DF10FCE2857827C00F676BA /* InputVC.swift */; };
/* End PBXBuildFile section */

/* Begin PBXContainerItemProxy section */
		3DF10FAD28577EFA00F676BA /* PBXContainerItemProxy */ = {
			isa = PBXContainerItemProxy;
			containerPortal = 3DF10F8E28577EF500F676BA /* Project object */;
			proxyType = 1;
			remoteGlobalIDString = 3DF10F9528577EF500F676BA;
			remoteInfo = 3_Memo;
		};
		3DF10FB728577EFA00F676BA /* PBXContainerItemProxy */ = {
			isa = PBXContainerItemProxy;
			containerPortal = 3DF10F8E28577EF500F676BA /* Project object */;
			proxyType = 1;
			remoteGlobalIDString = 3DF10F9528577EF500F676BA;
			remoteInfo = 3_Memo;
		};
/* End PBXContainerItemProxy section */

/* Begin PBXFileReference section */
		3DDD8F562858D004000E1026 /* Memo.swift */ = {isa = PBXFileReference; lastKnownFileType = sourcecode.swift; path = Memo.swift; sourceTree = "<group>"; };
		3DDD8F582858D155000E1026 /* FolderTableVC.swift */ = {isa = PBXFileReference; lastKnownFileType = sourcecode.swift; path = FolderTableVC.swift; sourceTree = "<group>"; };
		3DF10F9628577EF500F676BA /* 3_Memo.app */ = {isa = PBXFileReference; explicitFileType = wrapper.application; includeInIndex = 0; path = 3_Memo.app; sourceTree = BUILT_PRODUCTS_DIR; };
		3DF10F9928577EF600F676BA /* AppDelegate.swift */ = {isa = PBXFileReference; lastKnownFileType = sourcecode.swift; path = AppDelegate.swift; sourceTree = "<group>"; };
		3DF10F9B28577EF600F676BA /* SceneDelegate.swift */ = {isa = PBXFileReference; lastKnownFileType = sourcecode.swift; path = SceneDelegate.swift; sourceTree = "<group>"; };
		3DF10F9D28577EF600F676BA /* FolderManageVC.swift */ = {isa = PBXFileReference; lastKnownFileType = sourcecode.swift; path = FolderManageVC.swift; sourceTree = "<group>"; };
		3DF10FA028577EF600F676BA /* Base */ = {isa = PBXFileReference; lastKnownFileType = file.storyboard; name = Base; path = Base.lproj/Main.storyboard; sourceTree = "<group>"; };
		3DF10FA228577EFA00F676BA /* Assets.xcassets */ = {isa = PBXFileReference; lastKnownFileType = folder.assetcatalog; path = Assets.xcassets; sourceTree = "<group>"; };
		3DF10FA528577EFA00F676BA /* Base */ = {isa = PBXFileReference; lastKnownFileType = file.storyboard; name = Base; path = Base.lproj/LaunchScreen.storyboard; sourceTree = "<group>"; };
		3DF10FA728577EFA00F676BA /* Info.plist */ = {isa = PBXFileReference; lastKnownFileType = text.plist.xml; path = Info.plist; sourceTree = "<group>"; };
		3DF10FAC28577EFA00F676BA /* 3_MemoTests.xctest */ = {isa = PBXFileReference; explicitFileType = wrapper.cfbundle; includeInIndex = 0; path = 3_MemoTests.xctest; sourceTree = BUILT_PRODUCTS_DIR; };
		3DF10FB028577EFA00F676BA /* __MemoTests.swift */ = {isa = PBXFileReference; lastKnownFileType = sourcecode.swift; path = __MemoTests.swift; sourceTree = "<group>"; };
		3DF10FB628577EFA00F676BA /* 3_MemoUITests.xctest */ = {isa = PBXFileReference; explicitFileType = wrapper.cfbundle; includeInIndex = 0; path = 3_MemoUITests.xctest; sourceTree = BUILT_PRODUCTS_DIR; };
		3DF10FBA28577EFA00F676BA /* __MemoUITests.swift */ = {isa = PBXFileReference; lastKnownFileType = sourcecode.swift; path = __MemoUITests.swift; sourceTree = "<group>"; };
		3DF10FBC28577EFA00F676BA /* __MemoUITestsLaunchTests.swift */ = {isa = PBXFileReference; lastKnownFileType = sourcecode.swift; path = __MemoUITestsLaunchTests.swift; sourceTree = "<group>"; };
		3DF10FCC2857825900F676BA /* MainVC.swift */ = {isa = PBXFileReference; lastKnownFileType = sourcecode.swift; path = MainVC.swift; sourceTree = "<group>"; };
		3DF10FCE2857827C00F676BA /* InputVC.swift */ = {isa = PBXFileReference; lastKnownFileType = sourcecode.swift; path = InputVC.swift; sourceTree = "<group>"; };
/* End PBXFileReference section */

/* Begin PBXFrameworksBuildPhase section */
		3DF10F9328577EF500F676BA /* Frameworks */ = {
			isa = PBXFrameworksBuildPhase;
			buildActionMask = 2147483647;
			files = (
			);
			runOnlyForDeploymentPostprocessing = 0;
		};
		3DF10FA928577EFA00F676BA /* Frameworks */ = {
			isa = PBXFrameworksBuildPhase;
			buildActionMask = 2147483647;
			files = (
			);
			runOnlyForDeploymentPostprocessing = 0;
		};
		3DF10FB328577EFA00F676BA /* Frameworks */ = {
			isa = PBXFrameworksBuildPhase;
			buildActionMask = 2147483647;
			files = (
			);
			runOnlyForDeploymentPostprocessing = 0;
		};
/* End PBXFrameworksBuildPhase section */

/* Begin PBXGroup section */
		3DF10F8D28577EF500F676BA = {
			isa = PBXGroup;
			children = (
				3DF10F9828577EF500F676BA /* 3_Memo */,
				3DF10FAF28577EFA00F676BA /* 3_MemoTests */,
				3DF10FB928577EFA00F676BA /* 3_MemoUITests */,
				3DF10F9728577EF500F676BA /* Products */,
			);
			sourceTree = "<group>";
		};
		3DF10F9728577EF500F676BA /* Products */ = {
			isa = PBXGroup;
			children = (
				3DF10F9628577EF500F676BA /* 3_Memo.app */,
				3DF10FAC28577EFA00F676BA /* 3_MemoTests.xctest */,
				3DF10FB628577EFA00F676BA /* 3_MemoUITests.xctest */,
			);
			name = Products;
			sourceTree = "<group>";
		};
		3DF10F9828577EF500F676BA /* 3_Memo */ = {
			isa = PBXGroup;
			children = (
				3DF10FC92857820A00F676BA /* FolderManage */,
				3DF10FCA2857821B00F676BA /* Main */,
				3DF10FCB2857822B00F676BA /* Input */,
				3DF10F9928577EF600F676BA /* AppDelegate.swift */,
				3DDD8F562858D004000E1026 /* Memo.swift */,
				3DDD8F582858D155000E1026 /* FolderTableVC.swift */,
				3DF10F9B28577EF600F676BA /* SceneDelegate.swift */,
				3DF10F9F28577EF600F676BA /* Main.storyboard */,
				3DF10FA228577EFA00F676BA /* Assets.xcassets */,
				3DF10FA428577EFA00F676BA /* LaunchScreen.storyboard */,
				3DF10FA728577EFA00F676BA /* Info.plist */,
			);
			path = 3_Memo;
			sourceTree = "<group>";
		};
		3DF10FAF28577EFA00F676BA /* 3_MemoTests */ = {
			isa = PBXGroup;
			children = (
				3DF10FB028577EFA00F676BA /* __MemoTests.swift */,
			);
			path = 3_MemoTests;
			sourceTree = "<group>";
		};
		3DF10FB928577EFA00F676BA /* 3_MemoUITests */ = {
			isa = PBXGroup;
			children = (
				3DF10FBA28577EFA00F676BA /* __MemoUITests.swift */,
				3DF10FBC28577EFA00F676BA /* __MemoUITestsLaunchTests.swift */,
			);
			path = 3_MemoUITests;
			sourceTree = "<group>";
		};
		3DF10FC92857820A00F676BA /* FolderManage */ = {
			isa = PBXGroup;
			children = (
				3DF10F9D28577EF600F676BA /* FolderManageVC.swift */,
			);
			path = FolderManage;
			sourceTree = "<group>";
		};
		3DF10FCA2857821B00F676BA /* Main */ = {
			isa = PBXGroup;
			children = (
				3DF10FCC2857825900F676BA /* MainVC.swift */,
			);
			path = Main;
			sourceTree = "<group>";
		};
		3DF10FCB2857822B00F676BA /* Input */ = {
			isa = PBXGroup;
			children = (
				3DF10FCE2857827C00F676BA /* InputVC.swift */,
			);
			path = Input;
			sourceTree = "<group>";
		};
/* End PBXGroup section */

/* Begin PBXNativeTarget section */
		3DF10F9528577EF500F676BA /* 3_Memo */ = {
			isa = PBXNativeTarget;
			buildConfigurationList = 3DF10FC028577EFA00F676BA /* Build configuration list for PBXNativeTarget "3_Memo" */;
			buildPhases = (
				3DF10F9228577EF500F676BA /* Sources */,
				3DF10F9328577EF500F676BA /* Frameworks */,
				3DF10F9428577EF500F676BA /* Resources */,
			);
			buildRules = (
			);
			dependencies = (
			);
			name = 3_Memo;
			productName = 3_Memo;
			productReference = 3DF10F9628577EF500F676BA /* 3_Memo.app */;
			productType = "com.apple.product-type.application";
		};
		3DF10FAB28577EFA00F676BA /* 3_MemoTests */ = {
			isa = PBXNativeTarget;
			buildConfigurationList = 3DF10FC328577EFA00F676BA /* Build configuration list for PBXNativeTarget "3_MemoTests" */;
			buildPhases = (
				3DF10FA828577EFA00F676BA /* Sources */,
				3DF10FA928577EFA00F676BA /* Frameworks */,
				3DF10FAA28577EFA00F676BA /* Resources */,
			);
			buildRules = (
			);
			dependencies = (
				3DF10FAE28577EFA00F676BA /* PBXTargetDependency */,
			);
			name = 3_MemoTests;
			productName = 3_MemoTests;
			productReference = 3DF10FAC28577EFA00F676BA /* 3_MemoTests.xctest */;
			productType = "com.apple.product-type.bundle.unit-test";
		};
		3DF10FB528577EFA00F676BA /* 3_MemoUITests */ = {
			isa = PBXNativeTarget;
			buildConfigurationList = 3DF10FC628577EFA00F676BA /* Build configuration list for PBXNativeTarget "3_MemoUITests" */;
			buildPhases = (
				3DF10FB228577EFA00F676BA /* Sources */,
				3DF10FB328577EFA00F676BA /* Frameworks */,
				3DF10FB428577EFA00F676BA /* Resources */,
			);
			buildRules = (
			);
			dependencies = (
				3DF10FB828577EFA00F676BA /* PBXTargetDependency */,
			);
			name = 3_MemoUITests;
			productName = 3_MemoUITests;
			productReference = 3DF10FB628577EFA00F676BA /* 3_MemoUITests.xctest */;
			productType = "com.apple.product-type.bundle.ui-testing";
		};
/* End PBXNativeTarget section */

/* Begin PBXProject section */
		3DF10F8E28577EF500F676BA /* Project object */ = {
			isa = PBXProject;
			attributes = {
				BuildIndependentTargetsInParallel = 1;
				LastSwiftUpdateCheck = 1340;
				LastUpgradeCheck = 1340;
				TargetAttributes = {
					3DF10F9528577EF500F676BA = {
						CreatedOnToolsVersion = 13.4;
					};
					3DF10FAB28577EFA00F676BA = {
						CreatedOnToolsVersion = 13.4;
						TestTargetID = 3DF10F9528577EF500F676BA;
					};
					3DF10FB528577EFA00F676BA = {
						CreatedOnToolsVersion = 13.4;
						TestTargetID = 3DF10F9528577EF500F676BA;
					};
				};
			};
			buildConfigurationList = 3DF10F9128577EF500F676BA /* Build configuration list for PBXProject "3_Memo" */;
			compatibilityVersion = "Xcode 13.0";
			developmentRegion = en;
			hasScannedForEncodings = 0;
			knownRegions = (
				en,
				Base,
			);
			mainGroup = 3DF10F8D28577EF500F676BA;
			productRefGroup = 3DF10F9728577EF500F676BA /* Products */;
			projectDirPath = "";
			projectRoot = "";
			targets = (
				3DF10F9528577EF500F676BA /* 3_Memo */,
				3DF10FAB28577EFA00F676BA /* 3_MemoTests */,
				3DF10FB528577EFA00F676BA /* 3_MemoUITests */,
			);
		};
/* End PBXProject section */

/* Begin PBXResourcesBuildPhase section */
		3DF10F9428577EF500F676BA /* Resources */ = {
			isa = PBXResourcesBuildPhase;
			buildActionMask = 2147483647;
			files = (
				3DF10FA628577EFA00F676BA /* LaunchScreen.storyboard in Resources */,
				3DF10FA328577EFA00F676BA /* Assets.xcassets in Resources */,
				3DF10FA128577EF600F676BA /* Main.storyboard in Resources */,
			);
			runOnlyForDeploymentPostprocessing = 0;
		};
		3DF10FAA28577EFA00F676BA /* Resources */ = {
			isa = PBXResourcesBuildPhase;
			buildActionMask = 2147483647;
			files = (
			);
			runOnlyForDeploymentPostprocessing = 0;
		};
		3DF10FB428577EFA00F676BA /* Resources */ = {
			isa = PBXResourcesBuildPhase;
			buildActionMask = 2147483647;
			files = (
			);
			runOnlyForDeploymentPostprocessing = 0;
		};
/* End PBXResourcesBuildPhase section */

/* Begin PBXSourcesBuildPhase section */
		3DF10F9228577EF500F676BA /* Sources */ = {
			isa = PBXSourcesBuildPhase;
			buildActionMask = 2147483647;
			files = (
				3DF10FCF2857827C00F676BA /* InputVC.swift in Sources */,
				3DF10F9E28577EF600F676BA /* FolderManageVC.swift in Sources */,
				3DF10F9A28577EF600F676BA /* AppDelegate.swift in Sources */,
				3DDD8F592858D155000E1026 /* FolderTableVC.swift in Sources */,
				3DDD8F572858D004000E1026 /* Memo.swift in Sources */,
				3DF10F9C28577EF600F676BA /* SceneDelegate.swift in Sources */,
				3DF10FCD2857825900F676BA /* MainVC.swift in Sources */,
			);
			runOnlyForDeploymentPostprocessing = 0;
		};
		3DF10FA828577EFA00F676BA /* Sources */ = {
			isa = PBXSourcesBuildPhase;
			buildActionMask = 2147483647;
			files = (
				3DF10FB128577EFA00F676BA /* __MemoTests.swift in Sources */,
			);
			runOnlyForDeploymentPostprocessing = 0;
		};
		3DF10FB228577EFA00F676BA /* Sources */ = {
			isa = PBXSourcesBuildPhase;
			buildActionMask = 2147483647;
			files = (
				3DF10FBD28577EFA00F676BA /* __MemoUITestsLaunchTests.swift in Sources */,
				3DF10FBB28577EFA00F676BA /* __MemoUITests.swift in Sources */,
			);
			runOnlyForDeploymentPostprocessing = 0;
		};
/* End PBXSourcesBuildPhase section */

/* Begin PBXTargetDependency section */
		3DF10FAE28577EFA00F676BA /* PBXTargetDependency */ = {
			isa = PBXTargetDependency;
			target = 3DF10F9528577EF500F676BA /* 3_Memo */;
			targetProxy = 3DF10FAD28577EFA00F676BA /* PBXContainerItemProxy */;
		};
		3DF10FB828577EFA00F676BA /* PBXTargetDependency */ = {
			isa = PBXTargetDependency;
			target = 3DF10F9528577EF500F676BA /* 3_Memo */;
			targetProxy = 3DF10FB728577EFA00F676BA /* PBXContainerItemProxy */;
		};
/* End PBXTargetDependency section */

/* Begin PBXVariantGroup section */
		3DF10F9F28577EF600F676BA /* Main.storyboard */ = {
			isa = PBXVariantGroup;
			children = (
				3DF10FA028577EF600F676BA /* Base */,
			);
			name = Main.storyboard;
			sourceTree = "<group>";
		};
		3DF10FA428577EFA00F676BA /* LaunchScreen.storyboard */ = {
			isa = PBXVariantGroup;
			children = (
				3DF10FA528577EFA00F676BA /* Base */,
			);
			name = LaunchScreen.storyboard;
			sourceTree = "<group>";
		};
/* End PBXVariantGroup section */

/* Begin XCBuildConfiguration section */
		3DF10FBE28577EFA00F676BA /* Debug */ = {
			isa = XCBuildConfiguration;
			buildSettings = {
				ALWAYS_SEARCH_USER_PATHS = NO;
				CLANG_ANALYZER_NONNULL = YES;
				CLANG_ANALYZER_NUMBER_OBJECT_CONVERSION = YES_AGGRESSIVE;
				CLANG_CXX_LANGUAGE_STANDARD = "gnu++17";
				CLANG_ENABLE_MODULES = YES;
				CLANG_ENABLE_OBJC_ARC = YES;
				CLANG_ENABLE_OBJC_WEAK = YES;
				CLANG_WARN_BLOCK_CAPTURE_AUTORELEASING = YES;
				CLANG_WARN_BOOL_CONVERSION = YES;
				CLANG_WARN_COMMA = YES;
				CLANG_WARN_CONSTANT_CONVERSION = YES;
				CLANG_WARN_DEPRECATED_OBJC_IMPLEMENTATIONS = YES;
				CLANG_WARN_DIRECT_OBJC_ISA_USAGE = YES_ERROR;
				CLANG_WARN_DOCUMENTATION_COMMENTS = YES;
				CLANG_WARN_EMPTY_BODY = YES;
				CLANG_WARN_ENUM_CONVERSION = YES;
				CLANG_WARN_INFINITE_RECURSION = YES;
				CLANG_WARN_INT_CONVERSION = YES;
				CLANG_WARN_NON_LITERAL_NULL_CONVERSION = YES;
				CLANG_WARN_OBJC_IMPLICIT_RETAIN_SELF = YES;
				CLANG_WARN_OBJC_LITERAL_CONVERSION = YES;
				CLANG_WARN_OBJC_ROOT_CLASS = YES_ERROR;
				CLANG_WARN_QUOTED_INCLUDE_IN_FRAMEWORK_HEADER = YES;
				CLANG_WARN_RANGE_LOOP_ANALYSIS = YES;
				CLANG_WARN_STRICT_PROTOTYPES = YES;
				CLANG_WARN_SUSPICIOUS_MOVE = YES;
				CLANG_WARN_UNGUARDED_AVAILABILITY = YES_AGGRESSIVE;
				CLANG_WARN_UNREACHABLE_CODE = YES;
				CLANG_WARN__DUPLICATE_METHOD_MATCH = YES;
				COPY_PHASE_STRIP = NO;
				DEBUG_INFORMATION_FORMAT = dwarf;
				ENABLE_STRICT_OBJC_MSGSEND = YES;
				ENABLE_TESTABILITY = YES;
				GCC_C_LANGUAGE_STANDARD = gnu11;
				GCC_DYNAMIC_NO_PIC = NO;
				GCC_NO_COMMON_BLOCKS = YES;
				GCC_OPTIMIZATION_LEVEL = 0;
				GCC_PREPROCESSOR_DEFINITIONS = (
					"DEBUG=1",
					"$(inherited)",
				);
				GCC_WARN_64_TO_32_BIT_CONVERSION = YES;
				GCC_WARN_ABOUT_RETURN_TYPE = YES_ERROR;
				GCC_WARN_UNDECLARED_SELECTOR = YES;
				GCC_WARN_UNINITIALIZED_AUTOS = YES_AGGRESSIVE;
				GCC_WARN_UNUSED_FUNCTION = YES;
				GCC_WARN_UNUSED_VARIABLE = YES;
				IPHONEOS_DEPLOYMENT_TARGET = 15.5;
				MTL_ENABLE_DEBUG_INFO = INCLUDE_SOURCE;
				MTL_FAST_MATH = YES;
				ONLY_ACTIVE_ARCH = YES;
				SDKROOT = iphoneos;
				SWIFT_ACTIVE_COMPILATION_CONDITIONS = DEBUG;
				SWIFT_OPTIMIZATION_LEVEL = "-Onone";
			};
			name = Debug;
		};
		3DF10FBF28577EFA00F676BA /* Release */ = {
			isa = XCBuildConfiguration;
			buildSettings = {
				ALWAYS_SEARCH_USER_PATHS = NO;
				CLANG_ANALYZER_NONNULL = YES;
				CLANG_ANALYZER_NUMBER_OBJECT_CONVERSION = YES_AGGRESSIVE;
				CLANG_CXX_LANGUAGE_STANDARD = "gnu++17";
				CLANG_ENABLE_MODULES = YES;
				CLANG_ENABLE_OBJC_ARC = YES;
				CLANG_ENABLE_OBJC_WEAK = YES;
				CLANG_WARN_BLOCK_CAPTURE_AUTORELEASING = YES;
				CLANG_WARN_BOOL_CONVERSION = YES;
				CLANG_WARN_COMMA = YES;
				CLANG_WARN_CONSTANT_CONVERSION = YES;
				CLANG_WARN_DEPRECATED_OBJC_IMPLEMENTATIONS = YES;
				CLANG_WARN_DIRECT_OBJC_ISA_USAGE = YES_ERROR;
				CLANG_WARN_DOCUMENTATION_COMMENTS = YES;
				CLANG_WARN_EMPTY_BODY = YES;
				CLANG_WARN_ENUM_CONVERSION = YES;
				CLANG_WARN_INFINITE_RECURSION = YES;
				CLANG_WARN_INT_CONVERSION = YES;
				CLANG_WARN_NON_LITERAL_NULL_CONVERSION = YES;
				CLANG_WARN_OBJC_IMPLICIT_RETAIN_SELF = YES;
				CLANG_WARN_OBJC_LITERAL_CONVERSION = YES;
				CLANG_WARN_OBJC_ROOT_CLASS = YES_ERROR;
				CLANG_WARN_QUOTED_INCLUDE_IN_FRAMEWORK_HEADER = YES;
				CLANG_WARN_RANGE_LOOP_ANALYSIS = YES;
				CLANG_WARN_STRICT_PROTOTYPES = YES;
				CLANG_WARN_SUSPICIOUS_MOVE = YES;
				CLANG_WARN_UNGUARDED_AVAILABILITY = YES_AGGRESSIVE;
				CLANG_WARN_UNREACHABLE_CODE = YES;
				CLANG_WARN__DUPLICATE_METHOD_MATCH = YES;
				COPY_PHASE_STRIP = NO;
				DEBUG_INFORMATION_FORMAT = "dwarf-with-dsym";
				ENABLE_NS_ASSERTIONS = NO;
				ENABLE_STRICT_OBJC_MSGSEND = YES;
				GCC_C_LANGUAGE_STANDARD = gnu11;
				GCC_NO_COMMON_BLOCKS = YES;
				GCC_WARN_64_TO_32_BIT_CONVERSION = YES;
				GCC_WARN_ABOUT_RETURN_TYPE = YES_ERROR;
				GCC_WARN_UNDECLARED_SELECTOR = YES;
				GCC_WARN_UNINITIALIZED_AUTOS = YES_AGGRESSIVE;
				GCC_WARN_UNUSED_FUNCTION = YES;
				GCC_WARN_UNUSED_VARIABLE = YES;
				IPHONEOS_DEPLOYMENT_TARGET = 15.5;
				MTL_ENABLE_DEBUG_INFO = NO;
				MTL_FAST_MATH = YES;
				SDKROOT = iphoneos;
				SWIFT_COMPILATION_MODE = wholemodule;
				SWIFT_OPTIMIZATION_LEVEL = "-O";
				VALIDATE_PRODUCT = YES;
			};
			name = Release;
		};
		3DF10FC128577EFA00F676BA /* Debug */ = {
			isa = XCBuildConfiguration;
			buildSettings = {
				ASSETCATALOG_COMPILER_APPICON_NAME = AppIcon;
				ASSETCATALOG_COMPILER_GLOBAL_ACCENT_COLOR_NAME = AccentColor;
				CODE_SIGN_STYLE = Automatic;
				CURRENT_PROJECT_VERSION = 1;
				DEVELOPMENT_TEAM = YV38A9PA8H;
				GENERATE_INFOPLIST_FILE = YES;
				INFOPLIST_FILE = 3_Memo/Info.plist;
				INFOPLIST_KEY_UIApplicationSupportsIndirectInputEvents = YES;
				INFOPLIST_KEY_UILaunchStoryboardName = LaunchScreen;
				INFOPLIST_KEY_UIMainStoryboardFile = Main;
				INFOPLIST_KEY_UISupportedInterfaceOrientations_iPad = "UIInterfaceOrientationPortrait UIInterfaceOrientationPortraitUpsideDown UIInterfaceOrientationLandscapeLeft UIInterfaceOrientationLandscapeRight";
				INFOPLIST_KEY_UISupportedInterfaceOrientations_iPhone = "UIInterfaceOrientationPortrait UIInterfaceOrientationLandscapeLeft UIInterfaceOrientationLandscapeRight";
				LD_RUNPATH_SEARCH_PATHS = (
					"$(inherited)",
					"@executable_path/Frameworks",
				);
				MARKETING_VERSION = 1.0;
				PRODUCT_BUNDLE_IDENTIFIER = "com.kang.--Memo";
				PRODUCT_NAME = "$(TARGET_NAME)";
				SWIFT_EMIT_LOC_STRINGS = YES;
				SWIFT_VERSION = 5.0;
				TARGETED_DEVICE_FAMILY = "1,2";
			};
			name = Debug;
		};
		3DF10FC228577EFA00F676BA /* Release */ = {
			isa = XCBuildConfiguration;
			buildSettings = {
				ASSETCATALOG_COMPILER_APPICON_NAME = AppIcon;
				ASSETCATALOG_COMPILER_GLOBAL_ACCENT_COLOR_NAME = AccentColor;
				CODE_SIGN_STYLE = Automatic;
				CURRENT_PROJECT_VERSION = 1;
				DEVELOPMENT_TEAM = YV38A9PA8H;
				GENERATE_INFOPLIST_FILE = YES;
				INFOPLIST_FILE = 3_Memo/Info.plist;
				INFOPLIST_KEY_UIApplicationSupportsIndirectInputEvents = YES;
				INFOPLIST_KEY_UILaunchStoryboardName = LaunchScreen;
				INFOPLIST_KEY_UIMainStoryboardFile = Main;
				INFOPLIST_KEY_UISupportedInterfaceOrientations_iPad = "UIInterfaceOrientationPortrait UIInterfaceOrientationPortraitUpsideDown UIInterfaceOrientationLandscapeLeft UIInterfaceOrientationLandscapeRight";
				INFOPLIST_KEY_UISupportedInterfaceOrientations_iPhone = "UIInterfaceOrientationPortrait UIInterfaceOrientationLandscapeLeft UIInterfaceOrientationLandscapeRight";
				LD_RUNPATH_SEARCH_PATHS = (
					"$(inherited)",
					"@executable_path/Frameworks",
				);
				MARKETING_VERSION = 1.0;
				PRODUCT_BUNDLE_IDENTIFIER = "com.kang.--Memo";
				PRODUCT_NAME = "$(TARGET_NAME)";
				SWIFT_EMIT_LOC_STRINGS = YES;
				SWIFT_VERSION = 5.0;
				TARGETED_DEVICE_FAMILY = "1,2";
			};
			name = Release;
		};
		3DF10FC428577EFA00F676BA /* Debug */ = {
			isa = XCBuildConfiguration;
			buildSettings = {
				ALWAYS_EMBED_SWIFT_STANDARD_LIBRARIES = YES;
				BUNDLE_LOADER = "$(TEST_HOST)";
				CODE_SIGN_STYLE = Automatic;
				CURRENT_PROJECT_VERSION = 1;
				DEVELOPMENT_TEAM = YV38A9PA8H;
				GENERATE_INFOPLIST_FILE = YES;
				IPHONEOS_DEPLOYMENT_TARGET = 15.5;
				MARKETING_VERSION = 1.0;
				PRODUCT_BUNDLE_IDENTIFIER = "com.kang.--MemoTests";
				PRODUCT_NAME = "$(TARGET_NAME)";
				SWIFT_EMIT_LOC_STRINGS = NO;
				SWIFT_VERSION = 5.0;
				TARGETED_DEVICE_FAMILY = "1,2";
				TEST_HOST = "$(BUILT_PRODUCTS_DIR)/3_Memo.app/3_Memo";
			};
			name = Debug;
		};
		3DF10FC528577EFA00F676BA /* Release */ = {
			isa = XCBuildConfiguration;
			buildSettings = {
				ALWAYS_EMBED_SWIFT_STANDARD_LIBRARIES = YES;
				BUNDLE_LOADER = "$(TEST_HOST)";
				CODE_SIGN_STYLE = Automatic;
				CURRENT_PROJECT_VERSION = 1;
				DEVELOPMENT_TEAM = YV38A9PA8H;
				GENERATE_INFOPLIST_FILE = YES;
				IPHONEOS_DEPLOYMENT_TARGET = 15.5;
				MARKETING_VERSION = 1.0;
				PRODUCT_BUNDLE_IDENTIFIER = "com.kang.--MemoTests";
				PRODUCT_NAME = "$(TARGET_NAME)";
				SWIFT_EMIT_LOC_STRINGS = NO;
				SWIFT_VERSION = 5.0;
				TARGETED_DEVICE_FAMILY = "1,2";
				TEST_HOST = "$(BUILT_PRODUCTS_DIR)/3_Memo.app/3_Memo";
			};
			name = Release;
		};
		3DF10FC728577EFA00F676BA /* Debug */ = {
			isa = XCBuildConfiguration;
			buildSettings = {
				ALWAYS_EMBED_SWIFT_STANDARD_LIBRARIES = YES;
				CODE_SIGN_STYLE = Automatic;
				CURRENT_PROJECT_VERSION = 1;
				DEVELOPMENT_TEAM = YV38A9PA8H;
				GENERATE_INFOPLIST_FILE = YES;
				MARKETING_VERSION = 1.0;
				PRODUCT_BUNDLE_IDENTIFIER = "com.kang.--MemoUITests";
				PRODUCT_NAME = "$(TARGET_NAME)";
				SWIFT_EMIT_LOC_STRINGS = NO;
				SWIFT_VERSION = 5.0;
				TARGETED_DEVICE_FAMILY = "1,2";
				TEST_TARGET_NAME = 3_Memo;
			};
			name = Debug;
		};
		3DF10FC828577EFA00F676BA /* Release */ = {
			isa = XCBuildConfiguration;
			buildSettings = {
				ALWAYS_EMBED_SWIFT_STANDARD_LIBRARIES = YES;
				CODE_SIGN_STYLE = Automatic;
				CURRENT_PROJECT_VERSION = 1;
				DEVELOPMENT_TEAM = YV38A9PA8H;
				GENERATE_INFOPLIST_FILE = YES;
				MARKETING_VERSION = 1.0;
				PRODUCT_BUNDLE_IDENTIFIER = "com.kang.--MemoUITests";
				PRODUCT_NAME = "$(TARGET_NAME)";
				SWIFT_EMIT_LOC_STRINGS = NO;
				SWIFT_VERSION = 5.0;
				TARGETED_DEVICE_FAMILY = "1,2";
				TEST_TARGET_NAME = 3_Memo;
			};
			name = Release;
		};
/* End XCBuildConfiguration section */

/* Begin XCConfigurationList section */
		3DF10F9128577EF500F676BA /* Build configuration list for PBXProject "3_Memo" */ = {
			isa = XCConfigurationList;
			buildConfigurations = (
				3DF10FBE28577EFA00F676BA /* Debug */,
				3DF10FBF28577EFA00F676BA /* Release */,
			);
			defaultConfigurationIsVisible = 0;
			defaultConfigurationName = Release;
		};
		3DF10FC028577EFA00F676BA /* Build configuration list for PBXNativeTarget "3_Memo" */ = {
			isa = XCConfigurationList;
			buildConfigurations = (
				3DF10FC128577EFA00F676BA /* Debug */,
				3DF10FC228577EFA00F676BA /* Release */,
			);
			defaultConfigurationIsVisible = 0;
			defaultConfigurationName = Release;
		};
		3DF10FC328577EFA00F676BA /* Build configuration list for PBXNativeTarget "3_MemoTests" */ = {
			isa = XCConfigurationList;
			buildConfigurations = (
				3DF10FC428577EFA00F676BA /* Debug */,
				3DF10FC528577EFA00F676BA /* Release */,
			);
			defaultConfigurationIsVisible = 0;
			defaultConfigurationName = Release;
		};
		3DF10FC628577EFA00F676BA /* Build configuration list for PBXNativeTarget "3_MemoUITests" */ = {
			isa = XCConfigurationList;
			buildConfigurations = (
				3DF10FC728577EFA00F676BA /* Debug */,
				3DF10FC828577EFA00F676BA /* Release */,
			);
			defaultConfigurationIsVisible = 0;
			defaultConfigurationName = Release;
		};
/* End XCConfigurationList section */
	};
	rootObject = 3DF10F8E28577EF500F676BA /* Project object */;
}
